// !$*UTF8*$!
{
	archiveVersion = 1;
	classes = {
	};
	objectVersion = 46;
	objects = {

/* Begin PBXAggregateTarget section */
		115C07F3AF2182D0E4564A6F /* LoopMe_Plugin_V1 - All */ = {
			isa = PBXAggregateTarget;
			buildConfigurationList = 5DDE5D9A8D4B54EB2BFD71AC;
			buildPhases = (
			);
			dependencies = (
				69E211D90C6AF213DC9F2099,
				B9523665629159B60A3E2F3F,
				F6DC6CC461A2E9837662CA15,
				994EC0D54EC695323D6A1C84,
			);
			name = "LoopMe_Plugin_V1 - All";
			productName = LoopMe_Plugin_V1;
		};
/* End PBXAggregateTarget section */

/* Begin PBXBuildFile section */
		00E35A9B854A9A56089378E4 /* RecentFilesMenuTemplate.nib */ = {isa = PBXBuildFile; fileRef = 41DB18749FEC3DFBB23BB3E5; };
		086E231E5769D003F0434B42 /* requests.cpp */ = {isa = PBXBuildFile; fileRef = 2D3D69405A85C1ABEC122E1E; };
		1114892A4C5207D1C3D79992 /* WebKit.framework */ = {isa = PBXBuildFile; fileRef = 3B0CB08C57048EA955288098; };
		1B5936F714DF1E48D8E09689 /* CoreAudio.framework */ = {isa = PBXBuildFile; fileRef = 86DF82555EF40D026EA3FF4C; };
		22E4612622B6DBDC5AB88B0E /* include_juce_gui_extra.mm */ = {isa = PBXBuildFile; fileRef = 8152BE2100C4AC6A4B9D9C80; };
		28B52150AD7BA8B728A8D4DE /* actions.cpp */ = {isa = PBXBuildFile; fileRef = 520FAC03AC1662A350147494; };
		2FF1E4F833FF52A8CEBC946B /* include_juce_audio_plugin_client_AU_1.mm */ = {isa = PBXBuildFile; fileRef = 1F81684555354948C89AA751; };
		30689CE3EB23C5D3161D1816 /* CoreAudioKit.framework */ = {isa = PBXBuildFile; fileRef = 64792D015F92D0983257E268; };
		3076D8401C9B59F8D827F05A /* FlexBoxComponent.cpp */ = {isa = PBXBuildFile; fileRef = 91736A0E03763F7C54D4D3E7; };
		33F45D63363DA47855E3B8CA /* CoreMIDI.framework */ = {isa = PBXBuildFile; fileRef = 690C4AC16894A6B9F105CC51; };
		38130DAED5DB008E54599A66 /* Shared Code */ = {isa = PBXBuildFile; fileRef = 732C7E59216E318948BE0E0D; };
		3DC72A654BB307E2830C8B26 /* include_juce_audio_plugin_client_VST3.cpp */ = {isa = PBXBuildFile; fileRef = 3BAD1AC82BBC45E855C5B8DF; };
		3DF4DDCA9F22450320A3B593 /* include_juce_data_structures.mm */ = {isa = PBXBuildFile; fileRef = FD11FFDCCB1292AC0860FC08; };
		44690D6DEC08AD748AA6D74B /* include_juce_core.mm */ = {isa = PBXBuildFile; fileRef = A797B66697F7A71AA3927C84; };
		4BC7125CE0EC14184A0B8A21 /* AudioToolbox.framework */ = {isa = PBXBuildFile; fileRef = D6A67C3AB44BCA0DAA91A0FD; };
		69488EAB16CE34077FAB3188 /* include_juce_audio_utils.mm */ = {isa = PBXBuildFile; fileRef = A95DDCD0395242022D1784AB; };
		6BE20F21333C9C9351E6CB63 /* include_juce_audio_plugin_client_Standalone.cpp */ = {isa = PBXBuildFile; fileRef = BB00A1FA8868D69D38AD7046; };
		6E08AB2A9A85C7DE64D98776 /* include_juce_audio_plugin_client_AU_2.mm */ = {isa = PBXBuildFile; fileRef = 981F504F38BEC18AF924CA13; };
		7AEB8565DB76557AEE204CC0 /* WaveformVisualizerComponent.cpp */ = {isa = PBXBuildFile; fileRef = 4DFA1CA565975BE5137A27AA; };
		86C2481EDEADFC79414CF5BA /* LoopmeLabelComponent.cpp */ = {isa = PBXBuildFile; fileRef = D5043F315E20FE10425C40A9; };
		8CFDF4E01EEE28A4E040D133 /* WaveformVisualizer.cpp */ = {isa = PBXBuildFile; fileRef = 0A9E545B65617EA849D8D834; };
		8F033620411F00E9D2ECB3FF /* MainAreaComponent.cpp */ = {isa = PBXBuildFile; fileRef = 9AAA0A46761615CB1C211F49; };
		976D2FC4CD82580959EB7B1E /* include_juce_audio_plugin_client_utils.cpp */ = {isa = PBXBuildFile; fileRef = 18D895CD720F3609872B1681; };
		9CD478FE03A7518B09452C18 /* include_juce_audio_basics.mm */ = {isa = PBXBuildFile; fileRef = 5CA2222B1A0AAB60CEC428B1; };
		9D6DD626FC0DCB1C443866D3 /* LoopAudioDataMgr.cpp */ = {isa = PBXBuildFile; fileRef = 348EA72958253FD6D5AA9CEE; };
		A684A263BC15F9E2A87BEEE8 /* BinaryData.cpp */ = {isa = PBXBuildFile; fileRef = 4A68195CD4806DAD7CC14BEE; };
		A6D38488D0D458FEABA3F1F4 /* IOKit.framework */ = {isa = PBXBuildFile; fileRef = 4883361E2B9F5B54325E1294; };
		AF0EE347159AFAD55C9CE4A3 /* DiscRecording.framework */ = {isa = PBXBuildFile; fileRef = 8CB4B22A94E551D1AE897723; };
		B3DC844C7CD8F790B6109EDC /* Foundation.framework */ = {isa = PBXBuildFile; fileRef = 9480AC30EEB258CCBFB3AEC5; };
		B55A65D6318B51B3FB15FAE2 /* Cocoa.framework */ = {isa = PBXBuildFile; fileRef = 9B72AB418E4AA224BACFB81A; };
		B61589C97DC5337A35A9B1D1 /* include_juce_audio_processors_lv2_libs.cpp */ = {isa = PBXBuildFile; fileRef = 740FE631C23CBB0F75568AC7; };
		B70BF29DBCE130918762AAB4 /* include_juce_audio_formats.mm */ = {isa = PBXBuildFile; fileRef = B0BD9DBD37910A71A90A2DEC; };
		BBA4D57E9D2F4D9964F4ED1B /* VST3 */ = {isa = PBXBuildFile; fileRef = 00A6CF8BDF3BD814ECB7E913; };
		BF47BD9F4E86D53550E50EFD /* include_juce_audio_plugin_client_VST_utils.mm */ = {isa = PBXBuildFile; fileRef = 27562745CAD41CBFF2612BB3; };
		C3123E70C384193C6E120A18 /* include_juce_events.mm */ = {isa = PBXBuildFile; fileRef = A4072E7F2B9742DD8F64D919; };
		CA1749E15B4D26A0BAC017B2 /* WaveformVisualizerAggregate.cpp */ = {isa = PBXBuildFile; fileRef = 22EDCEF45D062B1AB2DF5F13; };
		CFFF225AA623DC1DC9F6A980 /* AU */ = {isa = PBXBuildFile; fileRef = A8BBD64C2C9FC72F5ADCB041; };
		D307DD5567C90219411F4311 /* include_juce_audio_devices.mm */ = {isa = PBXBuildFile; fileRef = 53B59DC8CA4CCA0E07B151DB; };
		D44335C4D878CCBA3367A997 /* include_juce_graphics.mm */ = {isa = PBXBuildFile; fileRef = A8010741012A9EA53E80DE38; };
		D48BBB60D45A31C0C0D59B9D /* Standalone Plugin */ = {isa = PBXBuildFile; fileRef = 3C86766E01756A61A2A56643; };
		D54EEBB3049FD32AEEDAC641 /* Accelerate.framework */ = {isa = PBXBuildFile; fileRef = 681E7F58129DE3B8F898BC13; };
		E611991FF94DFE12F5EA2ACF /* include_juce_audio_plugin_client_ARA.cpp */ = {isa = PBXBuildFile; fileRef = 8280B18A4668FDE7931845C2; };
		EA56549662805961D2B99330 /* QuartzCore.framework */ = {isa = PBXBuildFile; fileRef = A122B628017C7C403177CC91; };
		EBD944E8F1F063CD015CA137 /* LoopInfoAreaComponent.cpp */ = {isa = PBXBuildFile; fileRef = 7CEF9216FC985E2FEDEBC415; };
		EDAAF4D599AB6E07FE47A199 /* AudioUnit.framework */ = {isa = PBXBuildFile; fileRef = 25F8B919534128A26A1BCBEF; };
		F2B925479CC83235E4C776D7 /* include_juce_audio_processors_ara.cpp */ = {isa = PBXBuildFile; fileRef = 08EF7A0846A1F7392273F843; };
		F75612DBB5987BB9C39D8BAA /* include_juce_gui_basics.mm */ = {isa = PBXBuildFile; fileRef = 1DF7FD4948534E0220F33EDF; };
		F88D46CA896AB05F70AC22B9 /* PluginProcessor.cpp */ = {isa = PBXBuildFile; fileRef = 68E9CC17DA69CD07D9E53034; };
		F948B1AEDA1136F3B31EE529 /* PluginEditor.cpp */ = {isa = PBXBuildFile; fileRef = 255FB0C6B4B2F06A0E45D6CF; };
		FFBFE6638E15DC06C9B92476 /* include_juce_audio_processors.mm */ = {isa = PBXBuildFile; fileRef = C03FAC4530CE111C913029FD; };
/* End PBXBuildFile section */

/* Begin PBXFileReference section */
		00A6CF8BDF3BD814ECB7E913 /* VST3 */ = {isa = PBXFileReference; explicitFileType = wrapper.cfbundle; includeInIndex = 0; path = LoopMe_Plugin_V1.vst3; sourceTree = BUILT_PRODUCTS_DIR; };
		08EF7A0846A1F7392273F843 /* include_juce_audio_processors_ara.cpp */ /* include_juce_audio_processors_ara.cpp */ = {isa = PBXFileReference; lastKnownFileType = sourcecode.cpp.cpp; name = include_juce_audio_processors_ara.cpp; path = ../../JuceLibraryCode/include_juce_audio_processors_ara.cpp; sourceTree = SOURCE_ROOT; };
		0A9E545B65617EA849D8D834 /* WaveformVisualizer.cpp */ /* WaveformVisualizer.cpp */ = {isa = PBXFileReference; lastKnownFileType = sourcecode.cpp.cpp; name = WaveformVisualizer.cpp; path = ../../Source/WaveformVisualizer.cpp; sourceTree = SOURCE_ROOT; };
		0DC631D2785E65F83F6B6F97 /* configvals.h */ /* configvals.h */ = {isa = PBXFileReference; lastKnownFileType = sourcecode.c.h; name = configvals.h; path = ../../Source/configvals.h; sourceTree = SOURCE_ROOT; };
		18D895CD720F3609872B1681 /* include_juce_audio_plugin_client_utils.cpp */ /* include_juce_audio_plugin_client_utils.cpp */ = {isa = PBXFileReference; lastKnownFileType = sourcecode.cpp.cpp; name = include_juce_audio_plugin_client_utils.cpp; path = ../../JuceLibraryCode/include_juce_audio_plugin_client_utils.cpp; sourceTree = SOURCE_ROOT; };
		19C312267956FB59D820A216 /* json.h */ /* json.h */ = {isa = PBXFileReference; lastKnownFileType = sourcecode.c.h; name = json.h; path = ../../Source/json.h; sourceTree = SOURCE_ROOT; };
		1DF7FD4948534E0220F33EDF /* include_juce_gui_basics.mm */ /* include_juce_gui_basics.mm */ = {isa = PBXFileReference; lastKnownFileType = sourcecode.cpp.objcpp; name = include_juce_gui_basics.mm; path = ../../JuceLibraryCode/include_juce_gui_basics.mm; sourceTree = SOURCE_ROOT; };
		1F81684555354948C89AA751 /* include_juce_audio_plugin_client_AU_1.mm */ /* include_juce_audio_plugin_client_AU_1.mm */ = {isa = PBXFileReference; lastKnownFileType = sourcecode.cpp.objcpp; name = include_juce_audio_plugin_client_AU_1.mm; path = ../../JuceLibraryCode/include_juce_audio_plugin_client_AU_1.mm; sourceTree = SOURCE_ROOT; };
		1FFD1261BB33D9A9338D417E /* AppState.h */ /* AppState.h */ = {isa = PBXFileReference; lastKnownFileType = sourcecode.c.h; name = AppState.h; path = ../../Source/AppState.h; sourceTree = SOURCE_ROOT; };
		22EDCEF45D062B1AB2DF5F13 /* WaveformVisualizerAggregate.cpp */ /* WaveformVisualizerAggregate.cpp */ = {isa = PBXFileReference; lastKnownFileType = sourcecode.cpp.cpp; name = WaveformVisualizerAggregate.cpp; path = ../../Source/WaveformVisualizerAggregate.cpp; sourceTree = SOURCE_ROOT; };
		255FB0C6B4B2F06A0E45D6CF /* PluginEditor.cpp */ /* PluginEditor.cpp */ = {isa = PBXFileReference; lastKnownFileType = sourcecode.cpp.cpp; name = PluginEditor.cpp; path = ../../Source/PluginEditor.cpp; sourceTree = SOURCE_ROOT; };
		25F8B919534128A26A1BCBEF /* AudioUnit.framework */ /* AudioUnit.framework */ = {isa = PBXFileReference; lastKnownFileType = wrapper.framework; name = AudioUnit.framework; path = System/Library/Frameworks/AudioUnit.framework; sourceTree = SDKROOT; };
		27562745CAD41CBFF2612BB3 /* include_juce_audio_plugin_client_VST_utils.mm */ /* include_juce_audio_plugin_client_VST_utils.mm */ = {isa = PBXFileReference; lastKnownFileType = sourcecode.cpp.objcpp; name = include_juce_audio_plugin_client_VST_utils.mm; path = ../../JuceLibraryCode/include_juce_audio_plugin_client_VST_utils.mm; sourceTree = SOURCE_ROOT; };
		2D3D69405A85C1ABEC122E1E /* requests.cpp */ /* requests.cpp */ = {isa = PBXFileReference; lastKnownFileType = sourcecode.cpp.cpp; name = requests.cpp; path = ../../Source/requests.cpp; sourceTree = SOURCE_ROOT; };
		348EA72958253FD6D5AA9CEE /* LoopAudioDataMgr.cpp */ /* LoopAudioDataMgr.cpp */ = {isa = PBXFileReference; lastKnownFileType = sourcecode.cpp.cpp; name = LoopAudioDataMgr.cpp; path = ../../Source/LoopAudioDataMgr.cpp; sourceTree = SOURCE_ROOT; };
		3602D4BA72CE284B5D4031A8 /* LoopmeLabelComponent.h */ /* LoopmeLabelComponent.h */ = {isa = PBXFileReference; lastKnownFileType = sourcecode.c.h; name = LoopmeLabelComponent.h; path = ../../Source/LoopmeLabelComponent.h; sourceTree = SOURCE_ROOT; };
		3884A1960642E0F73A72323D /* juce_audio_processors */ /* juce_audio_processors */ = {isa = PBXFileReference; lastKnownFileType = folder; name = juce_audio_processors; path = "~/Dev/JUCE/JUCE/modules/juce_audio_processors"; sourceTree = "<absolute>"; };
		3B0CB08C57048EA955288098 /* WebKit.framework */ /* WebKit.framework */ = {isa = PBXFileReference; lastKnownFileType = wrapper.framework; name = WebKit.framework; path = System/Library/Frameworks/WebKit.framework; sourceTree = SDKROOT; };
		3BAD1AC82BBC45E855C5B8DF /* include_juce_audio_plugin_client_VST3.cpp */ /* include_juce_audio_plugin_client_VST3.cpp */ = {isa = PBXFileReference; lastKnownFileType = sourcecode.cpp.cpp; name = include_juce_audio_plugin_client_VST3.cpp; path = ../../JuceLibraryCode/include_juce_audio_plugin_client_VST3.cpp; sourceTree = SOURCE_ROOT; };
		3C86766E01756A61A2A56643 /* Standalone Plugin */ = {isa = PBXFileReference; explicitFileType = wrapper.application; includeInIndex = 0; path = LoopMe_Plugin_V1.app; sourceTree = BUILT_PRODUCTS_DIR; };
		41DB18749FEC3DFBB23BB3E5 /* RecentFilesMenuTemplate.nib */ /* RecentFilesMenuTemplate.nib */ = {isa = PBXFileReference; lastKnownFileType = file.nib; name = RecentFilesMenuTemplate.nib; path = RecentFilesMenuTemplate.nib; sourceTree = SOURCE_ROOT; };
		4883361E2B9F5B54325E1294 /* IOKit.framework */ /* IOKit.framework */ = {isa = PBXFileReference; lastKnownFileType = wrapper.framework; name = IOKit.framework; path = System/Library/Frameworks/IOKit.framework; sourceTree = SDKROOT; };
		4A68195CD4806DAD7CC14BEE /* BinaryData.cpp */ /* BinaryData.cpp */ = {isa = PBXFileReference; lastKnownFileType = sourcecode.cpp.cpp; name = BinaryData.cpp; path = ../../JuceLibraryCode/BinaryData.cpp; sourceTree = SOURCE_ROOT; };
		4DFA1CA565975BE5137A27AA /* WaveformVisualizerComponent.cpp */ /* WaveformVisualizerComponent.cpp */ = {isa = PBXFileReference; lastKnownFileType = sourcecode.cpp.cpp; name = WaveformVisualizerComponent.cpp; path = ../../Source/WaveformVisualizerComponent.cpp; sourceTree = SOURCE_ROOT; };
		4FE6CF7C800A67B997C234C2 /* plugin_bg.png */ /* plugin_bg.png */ = {isa = PBXFileReference; lastKnownFileType = image.png; name = plugin_bg.png; path = ../../Resources/plugin_bg.png; sourceTree = SOURCE_ROOT; };
		520FAC03AC1662A350147494 /* actions.cpp */ /* actions.cpp */ = {isa = PBXFileReference; lastKnownFileType = sourcecode.cpp.cpp; name = actions.cpp; path = ../../Source/actions.cpp; sourceTree = SOURCE_ROOT; };
		531D45AF6AB03B176A8C1EEB /* juce_audio_devices */ /* juce_audio_devices */ = {isa = PBXFileReference; lastKnownFileType = folder; name = juce_audio_devices; path = "~/Dev/JUCE/JUCE/modules/juce_audio_devices"; sourceTree = "<absolute>"; };
		53B59DC8CA4CCA0E07B151DB /* include_juce_audio_devices.mm */ /* include_juce_audio_devices.mm */ = {isa = PBXFileReference; lastKnownFileType = sourcecode.cpp.objcpp; name = include_juce_audio_devices.mm; path = ../../JuceLibraryCode/include_juce_audio_devices.mm; sourceTree = SOURCE_ROOT; };
		54A107E3B9764B9A5849316A /* WaveformVisualizerAggregate.h */ /* WaveformVisualizerAggregate.h */ = {isa = PBXFileReference; lastKnownFileType = sourcecode.c.h; name = WaveformVisualizerAggregate.h; path = ../../Source/WaveformVisualizerAggregate.h; sourceTree = SOURCE_ROOT; };
		5CA2222B1A0AAB60CEC428B1 /* include_juce_audio_basics.mm */ /* include_juce_audio_basics.mm */ = {isa = PBXFileReference; lastKnownFileType = sourcecode.cpp.objcpp; name = include_juce_audio_basics.mm; path = ../../JuceLibraryCode/include_juce_audio_basics.mm; sourceTree = SOURCE_ROOT; };
		64792D015F92D0983257E268 /* CoreAudioKit.framework */ /* CoreAudioKit.framework */ = {isa = PBXFileReference; lastKnownFileType = wrapper.framework; name = CoreAudioKit.framework; path = System/Library/Frameworks/CoreAudioKit.framework; sourceTree = SDKROOT; };
		681E7F58129DE3B8F898BC13 /* Accelerate.framework */ /* Accelerate.framework */ = {isa = PBXFileReference; lastKnownFileType = wrapper.framework; name = Accelerate.framework; path = System/Library/Frameworks/Accelerate.framework; sourceTree = SDKROOT; };
		68E9CC17DA69CD07D9E53034 /* PluginProcessor.cpp */ /* PluginProcessor.cpp */ = {isa = PBXFileReference; lastKnownFileType = sourcecode.cpp.cpp; name = PluginProcessor.cpp; path = ../../Source/PluginProcessor.cpp; sourceTree = SOURCE_ROOT; };
		690C4AC16894A6B9F105CC51 /* CoreMIDI.framework */ /* CoreMIDI.framework */ = {isa = PBXFileReference; lastKnownFileType = wrapper.framework; name = CoreMIDI.framework; path = System/Library/Frameworks/CoreMIDI.framework; sourceTree = SDKROOT; };
		6F6BE99F794AA95AEBBD49B1 /* WaveformVisualizer.h */ /* WaveformVisualizer.h */ = {isa = PBXFileReference; lastKnownFileType = sourcecode.c.h; name = WaveformVisualizer.h; path = ../../Source/WaveformVisualizer.h; sourceTree = SOURCE_ROOT; };
		6F70125D82144ED37BC2617A /* PluginEditor.h */ /* PluginEditor.h */ = {isa = PBXFileReference; lastKnownFileType = sourcecode.c.h; name = PluginEditor.h; path = ../../Source/PluginEditor.h; sourceTree = SOURCE_ROOT; };
		7216DDE2326E7E8FE0B2B0DE /* juce_core */ /* juce_core */ = {isa = PBXFileReference; lastKnownFileType = folder; name = juce_core; path = "~/Dev/JUCE/JUCE/modules/juce_core"; sourceTree = "<absolute>"; };
		732C7E59216E318948BE0E0D /* Shared Code */ = {isa = PBXFileReference; explicitFileType = archive.ar; includeInIndex = 0; path = libLoopMe_Plugin_V1.a; sourceTree = BUILT_PRODUCTS_DIR; };
		740FE631C23CBB0F75568AC7 /* include_juce_audio_processors_lv2_libs.cpp */ /* include_juce_audio_processors_lv2_libs.cpp */ = {isa = PBXFileReference; lastKnownFileType = sourcecode.cpp.cpp; name = include_juce_audio_processors_lv2_libs.cpp; path = ../../JuceLibraryCode/include_juce_audio_processors_lv2_libs.cpp; sourceTree = SOURCE_ROOT; };
		742681C8C80B7BD4CA214705 /* FlexBoxComponent.h */ /* FlexBoxComponent.h */ = {isa = PBXFileReference; lastKnownFileType = sourcecode.c.h; name = FlexBoxComponent.h; path = ../../Source/FlexBoxComponent.h; sourceTree = SOURCE_ROOT; };
		7742B27364D72D348602FE8F /* juce_audio_basics */ /* juce_audio_basics */ = {isa = PBXFileReference; lastKnownFileType = folder; name = juce_audio_basics; path = "~/Dev/JUCE/JUCE/modules/juce_audio_basics"; sourceTree = "<absolute>"; };
		7A34BF964613B102DDABFE88 /* juce_data_structures */ /* juce_data_structures */ = {isa = PBXFileReference; lastKnownFileType = folder; name = juce_data_structures; path = "~/Dev/JUCE/JUCE/modules/juce_data_structures"; sourceTree = "<absolute>"; };
		7A528C8EC6B78479D0134CD2 /* MainAreaComponent.h */ /* MainAreaComponent.h */ = {isa = PBXFileReference; lastKnownFileType = sourcecode.c.h; name = MainAreaComponent.h; path = ../../Source/MainAreaComponent.h; sourceTree = SOURCE_ROOT; };
		7CEF9216FC985E2FEDEBC415 /* LoopInfoAreaComponent.cpp */ /* LoopInfoAreaComponent.cpp */ = {isa = PBXFileReference; lastKnownFileType = sourcecode.cpp.cpp; name = LoopInfoAreaComponent.cpp; path = ../../Source/LoopInfoAreaComponent.cpp; sourceTree = SOURCE_ROOT; };
		7DAF21D77D6EDE0E7B216F5D /* JuceHeader.h */ /* JuceHeader.h */ = {isa = PBXFileReference; lastKnownFileType = sourcecode.c.h; name = JuceHeader.h; path = ../../JuceLibraryCode/JuceHeader.h; sourceTree = SOURCE_ROOT; };
		8152BE2100C4AC6A4B9D9C80 /* include_juce_gui_extra.mm */ /* include_juce_gui_extra.mm */ = {isa = PBXFileReference; lastKnownFileType = sourcecode.cpp.objcpp; name = include_juce_gui_extra.mm; path = ../../JuceLibraryCode/include_juce_gui_extra.mm; sourceTree = SOURCE_ROOT; };
		8280B18A4668FDE7931845C2 /* include_juce_audio_plugin_client_ARA.cpp */ /* include_juce_audio_plugin_client_ARA.cpp */ = {isa = PBXFileReference; lastKnownFileType = sourcecode.cpp.cpp; name = include_juce_audio_plugin_client_ARA.cpp; path = ../../JuceLibraryCode/include_juce_audio_plugin_client_ARA.cpp; sourceTree = SOURCE_ROOT; };
		834CE7628862C24BF464029C /* juce_audio_plugin_client */ /* juce_audio_plugin_client */ = {isa = PBXFileReference; lastKnownFileType = folder; name = juce_audio_plugin_client; path = "~/Dev/JUCE/JUCE/modules/juce_audio_plugin_client"; sourceTree = "<absolute>"; };
		848C40FE700320B0C401D3B3 /* juce_graphics */ /* juce_graphics */ = {isa = PBXFileReference; lastKnownFileType = folder; name = juce_graphics; path = "~/Dev/JUCE/JUCE/modules/juce_graphics"; sourceTree = "<absolute>"; };
		855E82E104B3D1E0EFCDE616 /* pause_button_100.png */ /* pause_button_100.png */ = {isa = PBXFileReference; lastKnownFileType = image.png; name = pause_button_100.png; path = ../../../PluginResources/pause_button_100.png; sourceTree = SOURCE_ROOT; };
		86DF82555EF40D026EA3FF4C /* CoreAudio.framework */ /* CoreAudio.framework */ = {isa = PBXFileReference; lastKnownFileType = wrapper.framework; name = CoreAudio.framework; path = System/Library/Frameworks/CoreAudio.framework; sourceTree = SDKROOT; };
		8CB4B22A94E551D1AE897723 /* DiscRecording.framework */ /* DiscRecording.framework */ = {isa = PBXFileReference; lastKnownFileType = wrapper.framework; name = DiscRecording.framework; path = System/Library/Frameworks/DiscRecording.framework; sourceTree = SDKROOT; };
		8E6A2205EE953D7929C1B4B9 /* Info-VST3.plist */ /* Info-VST3.plist */ = {isa = PBXFileReference; lastKnownFileType = text.plist.xml; name = "Info-VST3.plist"; path = "Info-VST3.plist"; sourceTree = SOURCE_ROOT; };
		91736A0E03763F7C54D4D3E7 /* FlexBoxComponent.cpp */ /* FlexBoxComponent.cpp */ = {isa = PBXFileReference; lastKnownFileType = sourcecode.cpp.cpp; name = FlexBoxComponent.cpp; path = ../../Source/FlexBoxComponent.cpp; sourceTree = SOURCE_ROOT; };
		9480AC30EEB258CCBFB3AEC5 /* Foundation.framework */ /* Foundation.framework */ = {isa = PBXFileReference; lastKnownFileType = wrapper.framework; name = Foundation.framework; path = System/Library/Frameworks/Foundation.framework; sourceTree = SDKROOT; };
		96512950969B6AFDCEFD1F8C /* LoopInfoAreaComponent.h */ /* LoopInfoAreaComponent.h */ = {isa = PBXFileReference; lastKnownFileType = sourcecode.c.h; name = LoopInfoAreaComponent.h; path = ../../Source/LoopInfoAreaComponent.h; sourceTree = SOURCE_ROOT; };
		977FE044EB55FE06ABEFFB0E /* BinaryData.h */ /* BinaryData.h */ = {isa = PBXFileReference; lastKnownFileType = sourcecode.c.h; name = BinaryData.h; path = ../../JuceLibraryCode/BinaryData.h; sourceTree = SOURCE_ROOT; };
		98029844D588CFA097B3BAB4 /* Info-AU.plist */ /* Info-AU.plist */ = {isa = PBXFileReference; lastKnownFileType = text.plist.xml; name = "Info-AU.plist"; path = "Info-AU.plist"; sourceTree = SOURCE_ROOT; };
		981F504F38BEC18AF924CA13 /* include_juce_audio_plugin_client_AU_2.mm */ /* include_juce_audio_plugin_client_AU_2.mm */ = {isa = PBXFileReference; lastKnownFileType = sourcecode.cpp.objcpp; name = include_juce_audio_plugin_client_AU_2.mm; path = ../../JuceLibraryCode/include_juce_audio_plugin_client_AU_2.mm; sourceTree = SOURCE_ROOT; };
		9AAA0A46761615CB1C211F49 /* MainAreaComponent.cpp */ /* MainAreaComponent.cpp */ = {isa = PBXFileReference; lastKnownFileType = sourcecode.cpp.cpp; name = MainAreaComponent.cpp; path = ../../Source/MainAreaComponent.cpp; sourceTree = SOURCE_ROOT; };
		9B72AB418E4AA224BACFB81A /* Cocoa.framework */ /* Cocoa.framework */ = {isa = PBXFileReference; lastKnownFileType = wrapper.framework; name = Cocoa.framework; path = System/Library/Frameworks/Cocoa.framework; sourceTree = SDKROOT; };
		A122B628017C7C403177CC91 /* QuartzCore.framework */ /* QuartzCore.framework */ = {isa = PBXFileReference; lastKnownFileType = wrapper.framework; name = QuartzCore.framework; path = System/Library/Frameworks/QuartzCore.framework; sourceTree = SDKROOT; };
		A4072E7F2B9742DD8F64D919 /* include_juce_events.mm */ /* include_juce_events.mm */ = {isa = PBXFileReference; lastKnownFileType = sourcecode.cpp.objcpp; name = include_juce_events.mm; path = ../../JuceLibraryCode/include_juce_events.mm; sourceTree = SOURCE_ROOT; };
		A797B66697F7A71AA3927C84 /* include_juce_core.mm */ /* include_juce_core.mm */ = {isa = PBXFileReference; lastKnownFileType = sourcecode.cpp.objcpp; name = include_juce_core.mm; path = ../../JuceLibraryCode/include_juce_core.mm; sourceTree = SOURCE_ROOT; };
		A8010741012A9EA53E80DE38 /* include_juce_graphics.mm */ /* include_juce_graphics.mm */ = {isa = PBXFileReference; lastKnownFileType = sourcecode.cpp.objcpp; name = include_juce_graphics.mm; path = ../../JuceLibraryCode/include_juce_graphics.mm; sourceTree = SOURCE_ROOT; };
		A8BBD64C2C9FC72F5ADCB041 /* AU */ = {isa = PBXFileReference; explicitFileType = wrapper.cfbundle; includeInIndex = 0; path = LoopMe_Plugin_V1.component; sourceTree = BUILT_PRODUCTS_DIR; };
		A95DDCD0395242022D1784AB /* include_juce_audio_utils.mm */ /* include_juce_audio_utils.mm */ = {isa = PBXFileReference; lastKnownFileType = sourcecode.cpp.objcpp; name = include_juce_audio_utils.mm; path = ../../JuceLibraryCode/include_juce_audio_utils.mm; sourceTree = SOURCE_ROOT; };
		B0BD9DBD37910A71A90A2DEC /* include_juce_audio_formats.mm */ /* include_juce_audio_formats.mm */ = {isa = PBXFileReference; lastKnownFileType = sourcecode.cpp.objcpp; name = include_juce_audio_formats.mm; path = ../../JuceLibraryCode/include_juce_audio_formats.mm; sourceTree = SOURCE_ROOT; };
		B2D5C96D43F7D0CA47EEC5C9 /* play_button_100.png */ /* play_button_100.png */ = {isa = PBXFileReference; lastKnownFileType = image.png; name = play_button_100.png; path = ../../../PluginResources/play_button_100.png; sourceTree = SOURCE_ROOT; };
		B5DABDFF394B84B7CD214EB3 /* Info-Standalone_Plugin.plist */ /* Info-Standalone_Plugin.plist */ = {isa = PBXFileReference; lastKnownFileType = text.plist.xml; name = "Info-Standalone_Plugin.plist"; path = "Info-Standalone_Plugin.plist"; sourceTree = SOURCE_ROOT; };
		B877DC1EC9AFE159CDA74C7C /* juce_gui_basics */ /* juce_gui_basics */ = {isa = PBXFileReference; lastKnownFileType = folder; name = juce_gui_basics; path = "~/Dev/JUCE/JUCE/modules/juce_gui_basics"; sourceTree = "<absolute>"; };
		BB00A1FA8868D69D38AD7046 /* include_juce_audio_plugin_client_Standalone.cpp */ /* include_juce_audio_plugin_client_Standalone.cpp */ = {isa = PBXFileReference; lastKnownFileType = sourcecode.cpp.cpp; name = include_juce_audio_plugin_client_Standalone.cpp; path = ../../JuceLibraryCode/include_juce_audio_plugin_client_Standalone.cpp; sourceTree = SOURCE_ROOT; };
		BEA9FC1689D15CEE5BA527BF /* juce_audio_formats */ /* juce_audio_formats */ = {isa = PBXFileReference; lastKnownFileType = folder; name = juce_audio_formats; path = "~/Dev/JUCE/JUCE/modules/juce_audio_formats"; sourceTree = "<absolute>"; };
		C03FAC4530CE111C913029FD /* include_juce_audio_processors.mm */ /* include_juce_audio_processors.mm */ = {isa = PBXFileReference; lastKnownFileType = sourcecode.cpp.objcpp; name = include_juce_audio_processors.mm; path = ../../JuceLibraryCode/include_juce_audio_processors.mm; sourceTree = SOURCE_ROOT; };
		C0AA170E3CC5263A327BB02F /* PluginProcessor.h */ /* PluginProcessor.h */ = {isa = PBXFileReference; lastKnownFileType = sourcecode.c.h; name = PluginProcessor.h; path = ../../Source/PluginProcessor.h; sourceTree = SOURCE_ROOT; };
		CF69023C485433CCA51F003C /* juce_audio_utils */ /* juce_audio_utils */ = {isa = PBXFileReference; lastKnownFileType = folder; name = juce_audio_utils; path = "~/Dev/JUCE/JUCE/modules/juce_audio_utils"; sourceTree = "<absolute>"; };
		D5043F315E20FE10425C40A9 /* LoopmeLabelComponent.cpp */ /* LoopmeLabelComponent.cpp */ = {isa = PBXFileReference; lastKnownFileType = sourcecode.cpp.cpp; name = LoopmeLabelComponent.cpp; path = ../../Source/LoopmeLabelComponent.cpp; sourceTree = SOURCE_ROOT; };
		D63D895A77EA0728E48FECD3 /* httplib.h */ /* httplib.h */ = {isa = PBXFileReference; lastKnownFileType = sourcecode.c.h; name = httplib.h; path = ../../Source/httplib.h; sourceTree = SOURCE_ROOT; };
		D6A67C3AB44BCA0DAA91A0FD /* AudioToolbox.framework */ /* AudioToolbox.framework */ = {isa = PBXFileReference; lastKnownFileType = wrapper.framework; name = AudioToolbox.framework; path = System/Library/Frameworks/AudioToolbox.framework; sourceTree = SDKROOT; };
		DBED342C5F9A046A89EA222C /* LoopAudioDataMgr.h */ /* LoopAudioDataMgr.h */ = {isa = PBXFileReference; lastKnownFileType = sourcecode.c.h; name = LoopAudioDataMgr.h; path = ../../Source/LoopAudioDataMgr.h; sourceTree = SOURCE_ROOT; };
		E407631FBC9CE08616F54645 /* JucePluginDefines.h */ /* JucePluginDefines.h */ = {isa = PBXFileReference; lastKnownFileType = sourcecode.c.h; name = JucePluginDefines.h; path = ../../JuceLibraryCode/JucePluginDefines.h; sourceTree = SOURCE_ROOT; };
		E97AF2042B7F559B25DAFC54 /* requests.h */ /* requests.h */ = {isa = PBXFileReference; lastKnownFileType = sourcecode.c.h; name = requests.h; path = ../../Source/requests.h; sourceTree = SOURCE_ROOT; };
		EE03AD2EB692688EF8C3345E /* LoopInfo.h */ /* LoopInfo.h */ = {isa = PBXFileReference; lastKnownFileType = sourcecode.c.h; name = LoopInfo.h; path = ../../Source/LoopInfo.h; sourceTree = SOURCE_ROOT; };
		F5F94BA2AE02062E7175E72E /* actions.h */ /* actions.h */ = {isa = PBXFileReference; lastKnownFileType = sourcecode.c.h; name = actions.h; path = ../../Source/actions.h; sourceTree = SOURCE_ROOT; };
		F5FE93AFECE72D11FE4D9329 /* WaveformVisualizerComponent.h */ /* WaveformVisualizerComponent.h */ = {isa = PBXFileReference; lastKnownFileType = sourcecode.c.h; name = WaveformVisualizerComponent.h; path = ../../Source/WaveformVisualizerComponent.h; sourceTree = SOURCE_ROOT; };
		F80CDDE4114F2257C6080350 /* juce_gui_extra */ /* juce_gui_extra */ = {isa = PBXFileReference; lastKnownFileType = folder; name = juce_gui_extra; path = "~/Dev/JUCE/JUCE/modules/juce_gui_extra"; sourceTree = "<absolute>"; };
		FCFC3650846A2A00CFAFA0AD /* juce_events */ /* juce_events */ = {isa = PBXFileReference; lastKnownFileType = folder; name = juce_events; path = "~/Dev/JUCE/JUCE/modules/juce_events"; sourceTree = "<absolute>"; };
		FD11FFDCCB1292AC0860FC08 /* include_juce_data_structures.mm */ /* include_juce_data_structures.mm */ = {isa = PBXFileReference; lastKnownFileType = sourcecode.cpp.objcpp; name = include_juce_data_structures.mm; path = ../../JuceLibraryCode/include_juce_data_structures.mm; sourceTree = SOURCE_ROOT; };
/* End PBXFileReference section */

/* Begin PBXFrameworksBuildPhase section */
		23907281B966ABCF92C5ADCB = {
			isa = PBXFrameworksBuildPhase;
			buildActionMask = 2147483647;
			files = (
				D54EEBB3049FD32AEEDAC641,
				4BC7125CE0EC14184A0B8A21,
				B55A65D6318B51B3FB15FAE2,
				1B5936F714DF1E48D8E09689,
				30689CE3EB23C5D3161D1816,
				33F45D63363DA47855E3B8CA,
				AF0EE347159AFAD55C9CE4A3,
				B3DC844C7CD8F790B6109EDC,
				A6D38488D0D458FEABA3F1F4,
				EA56549662805961D2B99330,
				1114892A4C5207D1C3D79992,
			);
			runOnlyForDeploymentPostprocessing = 0;
		};
		91E2A9FD2DCA41409F51B2CA = {
			isa = PBXFrameworksBuildPhase;
			buildActionMask = 2147483647;
			files = (
				D54EEBB3049FD32AEEDAC641,
				4BC7125CE0EC14184A0B8A21,
				B55A65D6318B51B3FB15FAE2,
				1B5936F714DF1E48D8E09689,
				30689CE3EB23C5D3161D1816,
				33F45D63363DA47855E3B8CA,
				AF0EE347159AFAD55C9CE4A3,
				B3DC844C7CD8F790B6109EDC,
				A6D38488D0D458FEABA3F1F4,
				EA56549662805961D2B99330,
				1114892A4C5207D1C3D79992,
			);
			runOnlyForDeploymentPostprocessing = 0;
		};
		93CB3D80E4A95ED6E6EFEE29 = {
			isa = PBXFrameworksBuildPhase;
			buildActionMask = 2147483647;
			files = (
				EDAAF4D599AB6E07FE47A199,
				D54EEBB3049FD32AEEDAC641,
				4BC7125CE0EC14184A0B8A21,
				B55A65D6318B51B3FB15FAE2,
				1B5936F714DF1E48D8E09689,
				30689CE3EB23C5D3161D1816,
				33F45D63363DA47855E3B8CA,
				AF0EE347159AFAD55C9CE4A3,
				B3DC844C7CD8F790B6109EDC,
				A6D38488D0D458FEABA3F1F4,
				EA56549662805961D2B99330,
				1114892A4C5207D1C3D79992,
			);
			runOnlyForDeploymentPostprocessing = 0;
		};
/* End PBXFrameworksBuildPhase section */

/* Begin PBXGroup section */
		1119A5E0797906EC7C32F2D9 /* JUCE Modules */ = {
			isa = PBXGroup;
			children = (
				7742B27364D72D348602FE8F,
				531D45AF6AB03B176A8C1EEB,
				BEA9FC1689D15CEE5BA527BF,
				834CE7628862C24BF464029C,
				3884A1960642E0F73A72323D,
				CF69023C485433CCA51F003C,
				7216DDE2326E7E8FE0B2B0DE,
				7A34BF964613B102DDABFE88,
				FCFC3650846A2A00CFAFA0AD,
				848C40FE700320B0C401D3B3,
				B877DC1EC9AFE159CDA74C7C,
				F80CDDE4114F2257C6080350,
			);
			name = "JUCE Modules";
			sourceTree = "<group>";
		};
		22A80F45051010586AD717E2 /* Frameworks */ = {
			isa = PBXGroup;
			children = (
				25F8B919534128A26A1BCBEF,
				681E7F58129DE3B8F898BC13,
				D6A67C3AB44BCA0DAA91A0FD,
				9B72AB418E4AA224BACFB81A,
				86DF82555EF40D026EA3FF4C,
				64792D015F92D0983257E268,
				690C4AC16894A6B9F105CC51,
				8CB4B22A94E551D1AE897723,
				9480AC30EEB258CCBFB3AEC5,
				4883361E2B9F5B54325E1294,
				A122B628017C7C403177CC91,
				3B0CB08C57048EA955288098,
			);
			name = Frameworks;
			sourceTree = "<group>";
		};
		26594E75F0F61025D8179500 /* Resources */ = {
			isa = PBXGroup;
			children = (
				855E82E104B3D1E0EFCDE616,
				B2D5C96D43F7D0CA47EEC5C9,
				4FE6CF7C800A67B997C234C2,
			);
			name = Resources;
			sourceTree = "<group>";
		};
		2E9A17FF7FF8E5E48BE633A4 /* LoopMe_Plugin_V1 */ = {
			isa = PBXGroup;
			children = (
				C763D9EE4D970C38E9098884,
				26594E75F0F61025D8179500,
			);
			name = LoopMe_Plugin_V1;
			sourceTree = "<group>";
		};
		4E457489C4568DDC611DBA58 /* data */ = {
			isa = PBXGroup;
			children = (
				19C312267956FB59D820A216,
				D63D895A77EA0728E48FECD3,
				520FAC03AC1662A350147494,
				F5F94BA2AE02062E7175E72E,
				1FFD1261BB33D9A9338D417E,
				2D3D69405A85C1ABEC122E1E,
				E97AF2042B7F559B25DAFC54,
				348EA72958253FD6D5AA9CEE,
				DBED342C5F9A046A89EA222C,
				EE03AD2EB692688EF8C3345E,
			);
			name = data;
			sourceTree = "<group>";
		};
		52E1B788A4184D43D5B972FB /* Resources */ = {
			isa = PBXGroup;
			children = (
				8E6A2205EE953D7929C1B4B9,
				98029844D588CFA097B3BAB4,
				B5DABDFF394B84B7CD214EB3,
				41DB18749FEC3DFBB23BB3E5,
			);
			name = Resources;
			sourceTree = "<group>";
		};
		7304BA03BCFAF8D64C595F1B /* Source */ = {
			isa = PBXGroup;
			children = (
				2E9A17FF7FF8E5E48BE633A4,
				1119A5E0797906EC7C32F2D9,
				799618A51CCD1F5EAF286623,
				52E1B788A4184D43D5B972FB,
				22A80F45051010586AD717E2,
				DB2E9694D25A76FB708634F9,
			);
			name = Source;
			sourceTree = "<group>";
		};
		799618A51CCD1F5EAF286623 /* JUCE Library Code */ = {
			isa = PBXGroup;
			children = (
				4A68195CD4806DAD7CC14BEE,
				977FE044EB55FE06ABEFFB0E,
				5CA2222B1A0AAB60CEC428B1,
				53B59DC8CA4CCA0E07B151DB,
				B0BD9DBD37910A71A90A2DEC,
				8280B18A4668FDE7931845C2,
				1F81684555354948C89AA751,
				981F504F38BEC18AF924CA13,
				BB00A1FA8868D69D38AD7046,
				18D895CD720F3609872B1681,
				27562745CAD41CBFF2612BB3,
				3BAD1AC82BBC45E855C5B8DF,
				C03FAC4530CE111C913029FD,
				08EF7A0846A1F7392273F843,
				740FE631C23CBB0F75568AC7,
				A95DDCD0395242022D1784AB,
				A797B66697F7A71AA3927C84,
				FD11FFDCCB1292AC0860FC08,
				A4072E7F2B9742DD8F64D919,
				A8010741012A9EA53E80DE38,
				1DF7FD4948534E0220F33EDF,
				8152BE2100C4AC6A4B9D9C80,
				7DAF21D77D6EDE0E7B216F5D,
				E407631FBC9CE08616F54645,
			);
			name = "JUCE Library Code";
			sourceTree = "<group>";
		};
		8FB4053779C4C0FE7B237D0A /* ui */ = {
			isa = PBXGroup;
			children = (
				4DFA1CA565975BE5137A27AA,
				F5FE93AFECE72D11FE4D9329,
				91736A0E03763F7C54D4D3E7,
				742681C8C80B7BD4CA214705,
				9AAA0A46761615CB1C211F49,
				D5043F315E20FE10425C40A9,
				3602D4BA72CE284B5D4031A8,
				7CEF9216FC985E2FEDEBC415,
				96512950969B6AFDCEFD1F8C,
				7A528C8EC6B78479D0134CD2,
			);
			name = ui;
			sourceTree = "<group>";
		};
		983E9ECE8CD6AC3D7D8DF5CA /* lm */ = {
			isa = PBXGroup;
			children = (
				A834F4D6A9992058D8DF2C05,
				0DC631D2785E65F83F6B6F97,
				4E457489C4568DDC611DBA58,
				8FB4053779C4C0FE7B237D0A,
			);
			name = lm;
			sourceTree = "<group>";
		};
		A834F4D6A9992058D8DF2C05 /* wf */ = {
			isa = PBXGroup;
			children = (
				0A9E545B65617EA849D8D834,
				6F6BE99F794AA95AEBBD49B1,
				22EDCEF45D062B1AB2DF5F13,
				54A107E3B9764B9A5849316A,
			);
			name = wf;
			sourceTree = "<group>";
		};
		C763D9EE4D970C38E9098884 /* Source */ = {
			isa = PBXGroup;
			children = (
				983E9ECE8CD6AC3D7D8DF5CA,
				68E9CC17DA69CD07D9E53034,
				C0AA170E3CC5263A327BB02F,
				255FB0C6B4B2F06A0E45D6CF,
				6F70125D82144ED37BC2617A,
			);
			name = Source;
			sourceTree = "<group>";
		};
		DB2E9694D25A76FB708634F9 /* Products */ = {
			isa = PBXGroup;
			children = (
				00A6CF8BDF3BD814ECB7E913,
				A8BBD64C2C9FC72F5ADCB041,
				3C86766E01756A61A2A56643,
				732C7E59216E318948BE0E0D,
			);
			name = Products;
			sourceTree = "<group>";
		};
/* End PBXGroup section */

/* Begin PBXNativeTarget section */
		5D6C62B2EDD27FF1B38ECF81 /* LoopMe_Plugin_V1 - Shared Code */ = {
			isa = PBXNativeTarget;
			buildConfigurationList = 2157B1E5FA87CAFA92190F57;
			buildPhases = (
				91A2E370179C5EF0DD327E81,
			);
			buildRules = (
			);
			dependencies = (
			);
			name = "LoopMe_Plugin_V1 - Shared Code";
			productName = LoopMe_Plugin_V1;
			productReference = 732C7E59216E318948BE0E0D;
			productType = "com.apple.product-type.library.static";
		};
		AA245A09EB870471CC636392 /* LoopMe_Plugin_V1 - AU */ = {
			isa = PBXNativeTarget;
			buildConfigurationList = F1913EF2F622145006360696;
			buildPhases = (
				1B3DF82A8488A2B4C63F90BA,
				7D5AD3ED00A7155F9743040D,
				93CB3D80E4A95ED6E6EFEE29,
			);
			buildRules = (
			);
			dependencies = (
				72626CE6A40E684AFFD25C69,
			);
			name = "LoopMe_Plugin_V1 - AU";
			productName = LoopMe_Plugin_V1;
			productReference = A8BBD64C2C9FC72F5ADCB041;
			productType = "com.apple.product-type.bundle";
		};
		D330857E7C2777805C457F19 /* LoopMe_Plugin_V1 - VST3 */ = {
			isa = PBXNativeTarget;
			buildConfigurationList = 574A9BAECD760E210AE87EC1;
			buildPhases = (
				6AEDE292116B1A4DDC2AFF5F,
				1FB121DA182389ABE73E9397,
				91E2A9FD2DCA41409F51B2CA,
			);
			buildRules = (
			);
			dependencies = (
				74621145342F36003208CE75,
			);
			name = "LoopMe_Plugin_V1 - VST3";
			productName = LoopMe_Plugin_V1;
			productReference = 00A6CF8BDF3BD814ECB7E913;
			productType = "com.apple.product-type.bundle";
		};
		F66056911CAF2F49D0DDE277 /* LoopMe_Plugin_V1 - Standalone Plugin */ = {
			isa = PBXNativeTarget;
			buildConfigurationList = E806E54A2805A8B794A991C5;
			buildPhases = (
				43F6173DDF3D0C152C7358EA,
				603B68352E134A907D962882,
				23907281B966ABCF92C5ADCB,
			);
			buildRules = (
			);
			dependencies = (
				A7478425954F41A3827CFC2A,
			);
			name = "LoopMe_Plugin_V1 - Standalone Plugin";
			productName = LoopMe_Plugin_V1;
			productReference = 3C86766E01756A61A2A56643;
			productType = "com.apple.product-type.application";
		};
/* End PBXNativeTarget section */

/* Begin PBXProject section */
		4E3101D9EF1B57308B8D71A5 = {
			isa = PBXProject;
			attributes = {
				LastUpgradeCheck = 1340;
				ORGANIZATIONNAME = "";
				TargetAttributes = {
					115C07F3AF2182D0E4564A6F = {
						SystemCapabilities = {
							com.apple.ApplicationGroups.iOS = {
								enabled = 0;
							};
							com.apple.HardenedRuntime = {
								enabled = 0;
							};
							com.apple.InAppPurchase = {
								enabled = 0;
							};
							com.apple.InterAppAudio = {
								enabled = 0;
							};
							com.apple.Push = {
								enabled = 0;
							};
							com.apple.Sandbox = {
								enabled = 0;
							};
						};
					};
					5D6C62B2EDD27FF1B38ECF81 = {
						SystemCapabilities = {
							com.apple.ApplicationGroups.iOS = {
								enabled = 0;
							};
							com.apple.HardenedRuntime = {
								enabled = 0;
							};
							com.apple.InAppPurchase = {
								enabled = 0;
							};
							com.apple.InterAppAudio = {
								enabled = 0;
							};
							com.apple.Push = {
								enabled = 0;
							};
							com.apple.Sandbox = {
								enabled = 0;
							};
						};
					};
					AA245A09EB870471CC636392 = {
						SystemCapabilities = {
							com.apple.ApplicationGroups.iOS = {
								enabled = 0;
							};
							com.apple.HardenedRuntime = {
								enabled = 0;
							};
							com.apple.InAppPurchase = {
								enabled = 0;
							};
							com.apple.InterAppAudio = {
								enabled = 0;
							};
							com.apple.Push = {
								enabled = 0;
							};
							com.apple.Sandbox = {
								enabled = 0;
							};
						};
					};
					D330857E7C2777805C457F19 = {
						SystemCapabilities = {
							com.apple.ApplicationGroups.iOS = {
								enabled = 0;
							};
							com.apple.HardenedRuntime = {
								enabled = 0;
							};
							com.apple.InAppPurchase = {
								enabled = 0;
							};
							com.apple.InterAppAudio = {
								enabled = 0;
							};
							com.apple.Push = {
								enabled = 0;
							};
							com.apple.Sandbox = {
								enabled = 0;
							};
						};
					};
					F66056911CAF2F49D0DDE277 = {
						SystemCapabilities = {
							com.apple.ApplicationGroups.iOS = {
								enabled = 0;
							};
							com.apple.HardenedRuntime = {
								enabled = 0;
							};
							com.apple.InAppPurchase = {
								enabled = 0;
							};
							com.apple.InterAppAudio = {
								enabled = 0;
							};
							com.apple.Push = {
								enabled = 0;
							};
							com.apple.Sandbox = {
								enabled = 0;
							};
						};
					};
				};
			};
			buildConfigurationList = 5099ED973738C1D96182B30B;
			compatibilityVersion = "Xcode 3.2";
			hasScannedForEncodings = 0;
			knownRegions = (
				en,
				Base,
			);
			mainGroup = 7304BA03BCFAF8D64C595F1B;
			projectDirPath = "";
			projectRoot = "";
			targets = (
				115C07F3AF2182D0E4564A6F,
				D330857E7C2777805C457F19,
				AA245A09EB870471CC636392,
				F66056911CAF2F49D0DDE277,
				5D6C62B2EDD27FF1B38ECF81,
			);
		};
/* End PBXProject section */

/* Begin PBXResourcesBuildPhase section */
		1B3DF82A8488A2B4C63F90BA = {
			isa = PBXResourcesBuildPhase;
			buildActionMask = 2147483647;
			files = (
				00E35A9B854A9A56089378E4,
			);
			runOnlyForDeploymentPostprocessing = 0;
		};
		43F6173DDF3D0C152C7358EA = {
			isa = PBXResourcesBuildPhase;
			buildActionMask = 2147483647;
			files = (
				00E35A9B854A9A56089378E4,
			);
			runOnlyForDeploymentPostprocessing = 0;
		};
		6AEDE292116B1A4DDC2AFF5F = {
			isa = PBXResourcesBuildPhase;
			buildActionMask = 2147483647;
			files = (
				00E35A9B854A9A56089378E4,
			);
			runOnlyForDeploymentPostprocessing = 0;
		};
/* End PBXResourcesBuildPhase section */

/* Begin PBXSourcesBuildPhase section */
		1FB121DA182389ABE73E9397 = {
			isa = PBXSourcesBuildPhase;
			buildActionMask = 2147483647;
			files = (
				3DC72A654BB307E2830C8B26,
			);
			runOnlyForDeploymentPostprocessing = 0;
		};
		603B68352E134A907D962882 = {
			isa = PBXSourcesBuildPhase;
			buildActionMask = 2147483647;
			files = (
				6BE20F21333C9C9351E6CB63,
			);
			runOnlyForDeploymentPostprocessing = 0;
		};
		7D5AD3ED00A7155F9743040D = {
			isa = PBXSourcesBuildPhase;
			buildActionMask = 2147483647;
			files = (
				2FF1E4F833FF52A8CEBC946B,
				6E08AB2A9A85C7DE64D98776,
			);
			runOnlyForDeploymentPostprocessing = 0;
		};
		91A2E370179C5EF0DD327E81 = {
			isa = PBXSourcesBuildPhase;
			buildActionMask = 2147483647;
			files = (
				8CFDF4E01EEE28A4E040D133,
				CA1749E15B4D26A0BAC017B2,
				28B52150AD7BA8B728A8D4DE,
				086E231E5769D003F0434B42,
				9D6DD626FC0DCB1C443866D3,
				7AEB8565DB76557AEE204CC0,
				3076D8401C9B59F8D827F05A,
				8F033620411F00E9D2ECB3FF,
				86C2481EDEADFC79414CF5BA,
				EBD944E8F1F063CD015CA137,
				F88D46CA896AB05F70AC22B9,
				F948B1AEDA1136F3B31EE529,
				A684A263BC15F9E2A87BEEE8,
				9CD478FE03A7518B09452C18,
				D307DD5567C90219411F4311,
				B70BF29DBCE130918762AAB4,
				E611991FF94DFE12F5EA2ACF,
				976D2FC4CD82580959EB7B1E,
				BF47BD9F4E86D53550E50EFD,
				FFBFE6638E15DC06C9B92476,
				F2B925479CC83235E4C776D7,
				B61589C97DC5337A35A9B1D1,
				69488EAB16CE34077FAB3188,
				44690D6DEC08AD748AA6D74B,
				3DF4DDCA9F22450320A3B593,
				C3123E70C384193C6E120A18,
				D44335C4D878CCBA3367A997,
				F75612DBB5987BB9C39D8BAA,
				22E4612622B6DBDC5AB88B0E,
			);
			runOnlyForDeploymentPostprocessing = 0;
		};
/* End PBXSourcesBuildPhase section */

/* Begin PBXTargetDependency section */
		69E211D90C6AF213DC9F2099 = {
			isa = PBXTargetDependency;
			target = D330857E7C2777805C457F19;
		};
		72626CE6A40E684AFFD25C69 = {
			isa = PBXTargetDependency;
			target = 5D6C62B2EDD27FF1B38ECF81;
		};
		74621145342F36003208CE75 = {
			isa = PBXTargetDependency;
			target = 5D6C62B2EDD27FF1B38ECF81;
		};
		994EC0D54EC695323D6A1C84 = {
			isa = PBXTargetDependency;
			target = 5D6C62B2EDD27FF1B38ECF81;
		};
		A7478425954F41A3827CFC2A = {
			isa = PBXTargetDependency;
			target = 5D6C62B2EDD27FF1B38ECF81;
		};
		B9523665629159B60A3E2F3F = {
			isa = PBXTargetDependency;
			target = AA245A09EB870471CC636392;
		};
		F6DC6CC461A2E9837662CA15 = {
			isa = PBXTargetDependency;
			target = F66056911CAF2F49D0DDE277;
		};
/* End PBXTargetDependency section */

/* Begin XCBuildConfiguration section */
		0951EAD052EF42E2A3764585 /* Debug */ = {
			isa = XCBuildConfiguration;
			buildSettings = {
				CLANG_CXX_LANGUAGE_STANDARD = "c++17";
				CLANG_CXX_LIBRARY = "libc++";
				CLANG_LINK_OBJC_RUNTIME = NO;
				COMBINE_HIDPI_IMAGES = YES;
				CONFIGURATION_BUILD_DIR = "$(PROJECT_DIR)/build/$(CONFIGURATION)";
				COPY_PHASE_STRIP = NO;
				EXCLUDED_ARCHS = "";
				GCC_DYNAMIC_NO_PIC = NO;
				GCC_OPTIMIZATION_LEVEL = 0;
				GCC_PREPROCESSOR_DEFINITIONS = (
					"_DEBUG=1",
					"DEBUG=1",
					"JUCE_DISPLAY_SPLASH_SCREEN=1",
					"JUCE_USE_DARK_SPLASH_SCREEN=1",
					"JUCE_PROJUCER_VERSION=0x70005",
					"JUCE_MODULE_AVAILABLE_juce_audio_basics=1",
					"JUCE_MODULE_AVAILABLE_juce_audio_devices=1",
					"JUCE_MODULE_AVAILABLE_juce_audio_formats=1",
					"JUCE_MODULE_AVAILABLE_juce_audio_plugin_client=1",
					"JUCE_MODULE_AVAILABLE_juce_audio_processors=1",
					"JUCE_MODULE_AVAILABLE_juce_audio_utils=1",
					"JUCE_MODULE_AVAILABLE_juce_core=1",
					"JUCE_MODULE_AVAILABLE_juce_data_structures=1",
					"JUCE_MODULE_AVAILABLE_juce_events=1",
					"JUCE_MODULE_AVAILABLE_juce_graphics=1",
					"JUCE_MODULE_AVAILABLE_juce_gui_basics=1",
					"JUCE_MODULE_AVAILABLE_juce_gui_extra=1",
					"JUCE_GLOBAL_MODULE_SETTINGS_INCLUDED=1",
					"JUCE_VST3_CAN_REPLACE_VST2=0",
					"JUCE_STRICT_REFCOUNTEDPOINTER=1",
					"JucePlugin_Build_VST=0",
					"JucePlugin_Build_VST3=1",
					"JucePlugin_Build_AU=1",
					"JucePlugin_Build_AUv3=0",
					"JucePlugin_Build_AAX=0",
					"JucePlugin_Build_Standalone=1",
					"JucePlugin_Build_Unity=0",
					"JucePlugin_Build_LV2=0",
					"JucePlugin_Enable_IAA=0",
					"JucePlugin_Enable_ARA=0",
					"JucePlugin_Name=\\\"LoopMe_Plugin_V1\\\"",
					"JucePlugin_Desc=\\\"LoopMe_Plugin_V1\\\"",
					"JucePlugin_Manufacturer=\\\"yourcompany\\\"",
					"JucePlugin_ManufacturerWebsite=\\\"www.yourcompany.com\\\"",
					"JucePlugin_ManufacturerEmail=\\\"\\\"",
					"JucePlugin_ManufacturerCode=0x4d616e75",
					"JucePlugin_PluginCode=0x5731706e",
					"JucePlugin_IsSynth=1",
					"JucePlugin_WantsMidiInput=1",
					"JucePlugin_ProducesMidiOutput=0",
					"JucePlugin_IsMidiEffect=0",
					"JucePlugin_EditorRequiresKeyboardFocus=0",
					"JucePlugin_Version=1.0.0",
					"JucePlugin_VersionCode=0x10000",
					"JucePlugin_VersionString=\\\"1.0.0\\\"",
					"JucePlugin_VSTUniqueID=JucePlugin_PluginCode",
					"JucePlugin_VSTCategory=kPlugCategSynth",
					"JucePlugin_Vst3Category=\\\"Instrument|Synth\\\"",
					"JucePlugin_AUMainType=\\'aumu\\'",
					"JucePlugin_AUSubType=JucePlugin_PluginCode",
					"JucePlugin_AUExportPrefix=LoopMe_Plugin_V1AU",
					"JucePlugin_AUExportPrefixQuoted=\\\"LoopMe_Plugin_V1AU\\\"",
					"JucePlugin_AUManufacturerCode=JucePlugin_ManufacturerCode",
					"JucePlugin_CFBundleIdentifier=com.yourcompany.LoopMe_Plugin_V1",
					"JucePlugin_AAXIdentifier=com.yourcompany.LoopMe_Plugin_V1",
					"JucePlugin_AAXManufacturerCode=JucePlugin_ManufacturerCode",
					"JucePlugin_AAXProductId=JucePlugin_PluginCode",
					"JucePlugin_AAXCategory=2048",
					"JucePlugin_AAXDisableBypass=0",
					"JucePlugin_AAXDisableMultiMono=0",
					"JucePlugin_IAAType=0x61757269",
					"JucePlugin_IAASubType=JucePlugin_PluginCode",
					"JucePlugin_IAAName=\\\"yourcompany:\\ LoopMe_Plugin_V1\\\"",
					"JucePlugin_VSTNumMidiInputs=16",
					"JucePlugin_VSTNumMidiOutputs=16",
					"JucePlugin_ARAContentTypes=0",
					"JucePlugin_ARATransformationFlags=0",
					"JucePlugin_ARAFactoryID=\\\"com.yourcompany.LoopMe_Plugin_V1.factory\\\"",
					"JucePlugin_ARADocumentArchiveID=\\\"com.yourcompany.LoopMe_Plugin_V1.aradocumentarchive.1.0.0\\\"",
					"JucePlugin_ARACompatibleArchiveIDs=\\\"\\\"",
					"JUCE_STANDALONE_APPLICATION=JucePlugin_Build_Standalone",
					"JUCER_XCODE_MAC_F6D2F4CF=1",
					"JUCE_APP_VERSION=1.0.0",
					"JUCE_APP_VERSION_HEX=0x10000",
					"JUCE_SHARED_CODE=1",
				);
				GCC_VERSION = com.apple.compilers.llvm.clang.1_0;
				HEADER_SEARCH_PATHS = (
					"$(HOME)/Dev/JUCE/JUCE/modules/juce_audio_processors/format_types/VST3_SDK",
					"$(SRCROOT)/../../JuceLibraryCode",
					"$(HOME)/Dev/JUCE/JUCE/modules",
					"$(HOME)/Dev/JUCE/JUCE/modules/juce_audio_plugin_client/AU",
					"$(inherited)",
				);
				INSTALL_PATH = "@executable_path/../Frameworks";
				MACOSX_DEPLOYMENT_TARGET = 10.13;
				MTL_HEADER_SEARCH_PATHS = "$(HOME)/Dev/JUCE/JUCE/modules/juce_audio_processors/format_types/VST3_SDK $(SRCROOT)/../../JuceLibraryCode $(HOME)/Dev/JUCE/JUCE/modules $(HOME)/Dev/JUCE/JUCE/modules/juce_audio_plugin_client/AU";
				OTHER_LDFLAGS = "-weak_framework Metal -weak_framework MetalKit";
				PRODUCT_BUNDLE_IDENTIFIER = com.yourcompany.LoopMe_Plugin_V1;
				PRODUCT_NAME = "LoopMe_Plugin_V1";
				SKIP_INSTALL = YES;
				USE_HEADERMAP = NO;
				VALID_ARCHS = "i386 x86_64 arm64 arm64e";
			};
			name = Debug;
		};
		249F4BAA020159956A42D53F /* Debug */ = {
			isa = XCBuildConfiguration;
			buildSettings = {
				MACOSX_DEPLOYMENT_TARGET = 10.13;
				SDKROOT = macosx;
			};
			name = Debug;
		};
		4EE2E18F4618A9FEC39F25EC /* Debug */ = {
			isa = XCBuildConfiguration;
			buildSettings = {
				ALWAYS_SEARCH_USER_PATHS = NO;
				CLANG_ENABLE_OBJC_WEAK = YES;
				CLANG_WARN_BLOCK_CAPTURE_AUTORELEASING = YES;
				CLANG_WARN_BOOL_CONVERSION = YES;
				CLANG_WARN_COMMA = YES;
				CLANG_WARN_CONSTANT_CONVERSION = YES;
				CLANG_WARN_DEPRECATED_OBJC_IMPLEMENTATIONS = YES;
				CLANG_WARN_EMPTY_BODY = YES;
				CLANG_WARN_ENUM_CONVERSION = YES;
				CLANG_WARN_INFINITE_RECURSION = YES;
				CLANG_WARN_INT_CONVERSION = YES;
				CLANG_WARN_NON_LITERAL_NULL_CONVERSION = YES;
				CLANG_WARN_OBJC_IMPLICIT_RETAIN_SELF = YES;
				CLANG_WARN_OBJC_LITERAL_CONVERSION = YES;
				CLANG_WARN_RANGE_LOOP_ANALYSIS = YES;
				CLANG_WARN_STRICT_PROTOTYPES = YES;
				CLANG_WARN_SUSPICIOUS_MOVE = YES;
				CLANG_WARN_UNREACHABLE_CODE = YES;
				CLANG_WARN__DUPLICATE_METHOD_MATCH = YES;
				DEBUG_INFORMATION_FORMAT = dwarf;
				ENABLE_STRICT_OBJC_MSGSEND = YES;
				ENABLE_TESTABILITY = NO;
				GCC_C_LANGUAGE_STANDARD = c11;
				GCC_INLINES_ARE_PRIVATE_EXTERN = YES;
				GCC_MODEL_TUNING = G5;
				GCC_NO_COMMON_BLOCKS = YES;
				GCC_SYMBOLS_PRIVATE_EXTERN = YES;
				GCC_WARN_64_TO_32_BIT_CONVERSION = YES;
				GCC_WARN_ABOUT_RETURN_TYPE = YES;
				GCC_WARN_CHECK_SWITCH_STATEMENTS = YES;
				GCC_WARN_MISSING_PARENTHESES = YES;
				GCC_WARN_NON_VIRTUAL_DESTRUCTOR = YES;
				GCC_WARN_TYPECHECK_CALLS_TO_PRINTF = YES;
				GCC_WARN_UNDECLARED_SELECTOR = YES;
				GCC_WARN_UNINITIALIZED_AUTOS = YES;
				GCC_WARN_UNUSED_FUNCTION = YES;
				GCC_WARN_UNUSED_VARIABLE = YES;
				ONLY_ACTIVE_ARCH = YES;
				PRODUCT_NAME = "LoopMe_Plugin_V1";
				SDKROOT = macosx;
				WARNING_CFLAGS = "-Wreorder";
				ZERO_LINK = NO;
			};
			name = Debug;
		};
		5175E252AFEDE79B3D13E516 /* Release */ = {
			isa = XCBuildConfiguration;
			buildSettings = {
				MACOSX_DEPLOYMENT_TARGET = 10.13;
				SDKROOT = macosx;
			};
			name = Release;
		};
		74B348B7CB1DB2E466CEAFB3 /* Release */ = {
			isa = XCBuildConfiguration;
			buildSettings = {
				CLANG_CXX_LANGUAGE_STANDARD = "c++17";
				CLANG_CXX_LIBRARY = "libc++";
				CLANG_LINK_OBJC_RUNTIME = NO;
				COMBINE_HIDPI_IMAGES = YES;
				CONFIGURATION_BUILD_DIR = "$(PROJECT_DIR)/build/$(CONFIGURATION)";
				DEAD_CODE_STRIPPING = YES;
				EXCLUDED_ARCHS = "";
				GCC_GENERATE_DEBUGGING_SYMBOLS = NO;
				GCC_OPTIMIZATION_LEVEL = 3;
				GCC_PREPROCESSOR_DEFINITIONS = (
					"_NDEBUG=1",
					"NDEBUG=1",
					"JUCE_DISPLAY_SPLASH_SCREEN=1",
					"JUCE_USE_DARK_SPLASH_SCREEN=1",
					"JUCE_PROJUCER_VERSION=0x70005",
					"JUCE_MODULE_AVAILABLE_juce_audio_basics=1",
					"JUCE_MODULE_AVAILABLE_juce_audio_devices=1",
					"JUCE_MODULE_AVAILABLE_juce_audio_formats=1",
					"JUCE_MODULE_AVAILABLE_juce_audio_plugin_client=1",
					"JUCE_MODULE_AVAILABLE_juce_audio_processors=1",
					"JUCE_MODULE_AVAILABLE_juce_audio_utils=1",
					"JUCE_MODULE_AVAILABLE_juce_core=1",
					"JUCE_MODULE_AVAILABLE_juce_data_structures=1",
					"JUCE_MODULE_AVAILABLE_juce_events=1",
					"JUCE_MODULE_AVAILABLE_juce_graphics=1",
					"JUCE_MODULE_AVAILABLE_juce_gui_basics=1",
					"JUCE_MODULE_AVAILABLE_juce_gui_extra=1",
					"JUCE_GLOBAL_MODULE_SETTINGS_INCLUDED=1",
					"JUCE_VST3_CAN_REPLACE_VST2=0",
					"JUCE_STRICT_REFCOUNTEDPOINTER=1",
					"JucePlugin_Build_VST=0",
					"JucePlugin_Build_VST3=1",
					"JucePlugin_Build_AU=1",
					"JucePlugin_Build_AUv3=0",
					"JucePlugin_Build_AAX=0",
					"JucePlugin_Build_Standalone=1",
					"JucePlugin_Build_Unity=0",
					"JucePlugin_Build_LV2=0",
					"JucePlugin_Enable_IAA=0",
					"JucePlugin_Enable_ARA=0",
					"JucePlugin_Name=\\\"LoopMe_Plugin_V1\\\"",
					"JucePlugin_Desc=\\\"LoopMe_Plugin_V1\\\"",
					"JucePlugin_Manufacturer=\\\"yourcompany\\\"",
					"JucePlugin_ManufacturerWebsite=\\\"www.yourcompany.com\\\"",
					"JucePlugin_ManufacturerEmail=\\\"\\\"",
					"JucePlugin_ManufacturerCode=0x4d616e75",
					"JucePlugin_PluginCode=0x5731706e",
					"JucePlugin_IsSynth=1",
					"JucePlugin_WantsMidiInput=1",
					"JucePlugin_ProducesMidiOutput=0",
					"JucePlugin_IsMidiEffect=0",
					"JucePlugin_EditorRequiresKeyboardFocus=0",
					"JucePlugin_Version=1.0.0",
					"JucePlugin_VersionCode=0x10000",
					"JucePlugin_VersionString=\\\"1.0.0\\\"",
					"JucePlugin_VSTUniqueID=JucePlugin_PluginCode",
					"JucePlugin_VSTCategory=kPlugCategSynth",
					"JucePlugin_Vst3Category=\\\"Instrument|Synth\\\"",
					"JucePlugin_AUMainType=\\'aumu\\'",
					"JucePlugin_AUSubType=JucePlugin_PluginCode",
					"JucePlugin_AUExportPrefix=LoopMe_Plugin_V1AU",
					"JucePlugin_AUExportPrefixQuoted=\\\"LoopMe_Plugin_V1AU\\\"",
					"JucePlugin_AUManufacturerCode=JucePlugin_ManufacturerCode",
					"JucePlugin_CFBundleIdentifier=com.yourcompany.LoopMe_Plugin_V1",
					"JucePlugin_AAXIdentifier=com.yourcompany.LoopMe_Plugin_V1",
					"JucePlugin_AAXManufacturerCode=JucePlugin_ManufacturerCode",
					"JucePlugin_AAXProductId=JucePlugin_PluginCode",
					"JucePlugin_AAXCategory=2048",
					"JucePlugin_AAXDisableBypass=0",
					"JucePlugin_AAXDisableMultiMono=0",
					"JucePlugin_IAAType=0x61757269",
					"JucePlugin_IAASubType=JucePlugin_PluginCode",
					"JucePlugin_IAAName=\\\"yourcompany:\\ LoopMe_Plugin_V1\\\"",
					"JucePlugin_VSTNumMidiInputs=16",
					"JucePlugin_VSTNumMidiOutputs=16",
					"JucePlugin_ARAContentTypes=0",
					"JucePlugin_ARATransformationFlags=0",
					"JucePlugin_ARAFactoryID=\\\"com.yourcompany.LoopMe_Plugin_V1.factory\\\"",
					"JucePlugin_ARADocumentArchiveID=\\\"com.yourcompany.LoopMe_Plugin_V1.aradocumentarchive.1.0.0\\\"",
					"JucePlugin_ARACompatibleArchiveIDs=\\\"\\\"",
					"JUCE_STANDALONE_APPLICATION=JucePlugin_Build_Standalone",
					"JUCER_XCODE_MAC_F6D2F4CF=1",
					"JUCE_APP_VERSION=1.0.0",
					"JUCE_APP_VERSION_HEX=0x10000",
					"JUCE_SHARED_CODE=1",
				);
				GCC_VERSION = com.apple.compilers.llvm.clang.1_0;
				HEADER_SEARCH_PATHS = (
					"$(HOME)/Dev/JUCE/JUCE/modules/juce_audio_processors/format_types/VST3_SDK",
					"$(SRCROOT)/../../JuceLibraryCode",
					"$(HOME)/Dev/JUCE/JUCE/modules",
					"$(HOME)/Dev/JUCE/JUCE/modules/juce_audio_plugin_client/AU",
					"$(inherited)",
				);
				INSTALL_PATH = "@executable_path/../Frameworks";
				LLVM_LTO = YES;
				MACOSX_DEPLOYMENT_TARGET = 10.13;
				MTL_HEADER_SEARCH_PATHS = "$(HOME)/Dev/JUCE/JUCE/modules/juce_audio_processors/format_types/VST3_SDK $(SRCROOT)/../../JuceLibraryCode $(HOME)/Dev/JUCE/JUCE/modules $(HOME)/Dev/JUCE/JUCE/modules/juce_audio_plugin_client/AU";
				OTHER_LDFLAGS = "-weak_framework Metal -weak_framework MetalKit";
				PRODUCT_BUNDLE_IDENTIFIER = com.yourcompany.LoopMe_Plugin_V1;
				PRODUCT_NAME = "LoopMe_Plugin_V1";
				SKIP_INSTALL = YES;
				USE_HEADERMAP = NO;
				VALID_ARCHS = "i386 x86_64 arm64 arm64e";
			};
			name = Release;
		};
		7C71CD53EA0F7BCA50CE0AC0 /* Release */ = {
			isa = XCBuildConfiguration;
			buildSettings = {
				ALWAYS_SEARCH_USER_PATHS = NO;
				CLANG_ENABLE_OBJC_WEAK = YES;
				CLANG_WARN_BLOCK_CAPTURE_AUTORELEASING = YES;
				CLANG_WARN_BOOL_CONVERSION = YES;
				CLANG_WARN_COMMA = YES;
				CLANG_WARN_CONSTANT_CONVERSION = YES;
				CLANG_WARN_DEPRECATED_OBJC_IMPLEMENTATIONS = YES;
				CLANG_WARN_EMPTY_BODY = YES;
				CLANG_WARN_ENUM_CONVERSION = YES;
				CLANG_WARN_INFINITE_RECURSION = YES;
				CLANG_WARN_INT_CONVERSION = YES;
				CLANG_WARN_NON_LITERAL_NULL_CONVERSION = YES;
				CLANG_WARN_OBJC_IMPLICIT_RETAIN_SELF = YES;
				CLANG_WARN_OBJC_LITERAL_CONVERSION = YES;
				CLANG_WARN_RANGE_LOOP_ANALYSIS = YES;
				CLANG_WARN_STRICT_PROTOTYPES = YES;
				CLANG_WARN_SUSPICIOUS_MOVE = YES;
				CLANG_WARN_UNREACHABLE_CODE = YES;
				CLANG_WARN__DUPLICATE_METHOD_MATCH = YES;
				DEBUG_INFORMATION_FORMAT = dwarf;
				ENABLE_STRICT_OBJC_MSGSEND = YES;
				ENABLE_TESTABILITY = NO;
				GCC_C_LANGUAGE_STANDARD = c11;
				GCC_INLINES_ARE_PRIVATE_EXTERN = YES;
				GCC_MODEL_TUNING = G5;
				GCC_NO_COMMON_BLOCKS = YES;
				GCC_SYMBOLS_PRIVATE_EXTERN = YES;
				GCC_WARN_64_TO_32_BIT_CONVERSION = YES;
				GCC_WARN_ABOUT_RETURN_TYPE = YES;
				GCC_WARN_CHECK_SWITCH_STATEMENTS = YES;
				GCC_WARN_MISSING_PARENTHESES = YES;
				GCC_WARN_NON_VIRTUAL_DESTRUCTOR = YES;
				GCC_WARN_TYPECHECK_CALLS_TO_PRINTF = YES;
				GCC_WARN_UNDECLARED_SELECTOR = YES;
				GCC_WARN_UNINITIALIZED_AUTOS = YES;
				GCC_WARN_UNUSED_FUNCTION = YES;
				GCC_WARN_UNUSED_VARIABLE = YES;
				PRODUCT_NAME = "LoopMe_Plugin_V1";
				SDKROOT = macosx;
				WARNING_CFLAGS = "-Wreorder";
				ZERO_LINK = NO;
			};
			name = Release;
		};
		9C2D630F928DECDD6E151AD4 /* Release */ = {
			isa = XCBuildConfiguration;
			buildSettings = {
				CLANG_CXX_LANGUAGE_STANDARD = "c++17";
				CLANG_CXX_LIBRARY = "libc++";
				CLANG_LINK_OBJC_RUNTIME = NO;
				COMBINE_HIDPI_IMAGES = YES;
				CONFIGURATION_BUILD_DIR = "$(PROJECT_DIR)/build/$(CONFIGURATION)";
				DEAD_CODE_STRIPPING = YES;
				EXCLUDED_ARCHS = "";
				GCC_GENERATE_DEBUGGING_SYMBOLS = NO;
				GCC_OPTIMIZATION_LEVEL = 3;
				GCC_PREPROCESSOR_DEFINITIONS = (
					"_NDEBUG=1",
					"NDEBUG=1",
					"JUCE_DISPLAY_SPLASH_SCREEN=1",
					"JUCE_USE_DARK_SPLASH_SCREEN=1",
					"JUCE_PROJUCER_VERSION=0x70005",
					"JUCE_MODULE_AVAILABLE_juce_audio_basics=1",
					"JUCE_MODULE_AVAILABLE_juce_audio_devices=1",
					"JUCE_MODULE_AVAILABLE_juce_audio_formats=1",
					"JUCE_MODULE_AVAILABLE_juce_audio_plugin_client=1",
					"JUCE_MODULE_AVAILABLE_juce_audio_processors=1",
					"JUCE_MODULE_AVAILABLE_juce_audio_utils=1",
					"JUCE_MODULE_AVAILABLE_juce_core=1",
					"JUCE_MODULE_AVAILABLE_juce_data_structures=1",
					"JUCE_MODULE_AVAILABLE_juce_events=1",
					"JUCE_MODULE_AVAILABLE_juce_graphics=1",
					"JUCE_MODULE_AVAILABLE_juce_gui_basics=1",
					"JUCE_MODULE_AVAILABLE_juce_gui_extra=1",
					"JUCE_GLOBAL_MODULE_SETTINGS_INCLUDED=1",
					"JUCE_VST3_CAN_REPLACE_VST2=0",
					"JUCE_STRICT_REFCOUNTEDPOINTER=1",
					"JucePlugin_Build_VST=0",
					"JucePlugin_Build_VST3=0",
					"JucePlugin_Build_AU=0",
					"JucePlugin_Build_AUv3=0",
					"JucePlugin_Build_AAX=0",
					"JucePlugin_Build_Standalone=1",
					"JucePlugin_Build_Unity=0",
					"JucePlugin_Build_LV2=0",
					"JucePlugin_Enable_IAA=0",
					"JucePlugin_Enable_ARA=0",
					"JucePlugin_Name=\\\"LoopMe_Plugin_V1\\\"",
					"JucePlugin_Desc=\\\"LoopMe_Plugin_V1\\\"",
					"JucePlugin_Manufacturer=\\\"yourcompany\\\"",
					"JucePlugin_ManufacturerWebsite=\\\"www.yourcompany.com\\\"",
					"JucePlugin_ManufacturerEmail=\\\"\\\"",
					"JucePlugin_ManufacturerCode=0x4d616e75",
					"JucePlugin_PluginCode=0x5731706e",
					"JucePlugin_IsSynth=1",
					"JucePlugin_WantsMidiInput=1",
					"JucePlugin_ProducesMidiOutput=0",
					"JucePlugin_IsMidiEffect=0",
					"JucePlugin_EditorRequiresKeyboardFocus=0",
					"JucePlugin_Version=1.0.0",
					"JucePlugin_VersionCode=0x10000",
					"JucePlugin_VersionString=\\\"1.0.0\\\"",
					"JucePlugin_VSTUniqueID=JucePlugin_PluginCode",
					"JucePlugin_VSTCategory=kPlugCategSynth",
					"JucePlugin_Vst3Category=\\\"Instrument|Synth\\\"",
					"JucePlugin_AUMainType=\\'aumu\\'",
					"JucePlugin_AUSubType=JucePlugin_PluginCode",
					"JucePlugin_AUExportPrefix=LoopMe_Plugin_V1AU",
					"JucePlugin_AUExportPrefixQuoted=\\\"LoopMe_Plugin_V1AU\\\"",
					"JucePlugin_AUManufacturerCode=JucePlugin_ManufacturerCode",
					"JucePlugin_CFBundleIdentifier=com.yourcompany.LoopMe_Plugin_V1",
					"JucePlugin_AAXIdentifier=com.yourcompany.LoopMe_Plugin_V1",
					"JucePlugin_AAXManufacturerCode=JucePlugin_ManufacturerCode",
					"JucePlugin_AAXProductId=JucePlugin_PluginCode",
					"JucePlugin_AAXCategory=2048",
					"JucePlugin_AAXDisableBypass=0",
					"JucePlugin_AAXDisableMultiMono=0",
					"JucePlugin_IAAType=0x61757269",
					"JucePlugin_IAASubType=JucePlugin_PluginCode",
					"JucePlugin_IAAName=\\\"yourcompany:\\ LoopMe_Plugin_V1\\\"",
					"JucePlugin_VSTNumMidiInputs=16",
					"JucePlugin_VSTNumMidiOutputs=16",
					"JucePlugin_ARAContentTypes=0",
					"JucePlugin_ARATransformationFlags=0",
					"JucePlugin_ARAFactoryID=\\\"com.yourcompany.LoopMe_Plugin_V1.factory\\\"",
					"JucePlugin_ARADocumentArchiveID=\\\"com.yourcompany.LoopMe_Plugin_V1.aradocumentarchive.1.0.0\\\"",
					"JucePlugin_ARACompatibleArchiveIDs=\\\"\\\"",
					"JUCE_STANDALONE_APPLICATION=JucePlugin_Build_Standalone",
					"JUCER_XCODE_MAC_F6D2F4CF=1",
					"JUCE_APP_VERSION=1.0.0",
					"JUCE_APP_VERSION_HEX=0x10000",
				);
				GCC_VERSION = com.apple.compilers.llvm.clang.1_0;
				HEADER_SEARCH_PATHS = (
					"$(HOME)/Dev/JUCE/JUCE/modules/juce_audio_processors/format_types/VST3_SDK",
					"$(SRCROOT)/../../JuceLibraryCode",
					"$(HOME)/Dev/JUCE/JUCE/modules",
					"$(HOME)/Dev/JUCE/JUCE/modules/juce_audio_plugin_client/AU",
					"$(inherited)",
				);
				INFOPLIST_FILE = Info-Standalone_Plugin.plist;
				INFOPLIST_PREPROCESS = NO;
				LLVM_LTO = YES;
				MACOSX_DEPLOYMENT_TARGET = 10.13;
				MTL_HEADER_SEARCH_PATHS = "$(HOME)/Dev/JUCE/JUCE/modules/juce_audio_processors/format_types/VST3_SDK $(SRCROOT)/../../JuceLibraryCode $(HOME)/Dev/JUCE/JUCE/modules $(HOME)/Dev/JUCE/JUCE/modules/juce_audio_plugin_client/AU";
				OTHER_LDFLAGS = "-lLoopMe_Plugin_V1 -weak_framework Metal -weak_framework MetalKit";
				PRODUCT_BUNDLE_IDENTIFIER = com.yourcompany.LoopMe_Plugin_V1;
				PRODUCT_NAME = "LoopMe_Plugin_V1";
				USE_HEADERMAP = NO;
				VALID_ARCHS = "i386 x86_64 arm64 arm64e";
			};
			name = Release;
		};
		9EFB69FBB07BEAE650B14A27 /* Debug */ = {
			isa = XCBuildConfiguration;
			buildSettings = {
				CLANG_CXX_LANGUAGE_STANDARD = "c++17";
				CLANG_CXX_LIBRARY = "libc++";
				CLANG_LINK_OBJC_RUNTIME = NO;
				COMBINE_HIDPI_IMAGES = YES;
				CONFIGURATION_BUILD_DIR = "$(PROJECT_DIR)/build/$(CONFIGURATION)";
				COPY_PHASE_STRIP = NO;
				EXCLUDED_ARCHS = "";
				GCC_DYNAMIC_NO_PIC = NO;
				GCC_OPTIMIZATION_LEVEL = 0;
				GCC_PREPROCESSOR_DEFINITIONS = (
					"_DEBUG=1",
					"DEBUG=1",
					"JUCE_DISPLAY_SPLASH_SCREEN=1",
					"JUCE_USE_DARK_SPLASH_SCREEN=1",
					"JUCE_PROJUCER_VERSION=0x70005",
					"JUCE_MODULE_AVAILABLE_juce_audio_basics=1",
					"JUCE_MODULE_AVAILABLE_juce_audio_devices=1",
					"JUCE_MODULE_AVAILABLE_juce_audio_formats=1",
					"JUCE_MODULE_AVAILABLE_juce_audio_plugin_client=1",
					"JUCE_MODULE_AVAILABLE_juce_audio_processors=1",
					"JUCE_MODULE_AVAILABLE_juce_audio_utils=1",
					"JUCE_MODULE_AVAILABLE_juce_core=1",
					"JUCE_MODULE_AVAILABLE_juce_data_structures=1",
					"JUCE_MODULE_AVAILABLE_juce_events=1",
					"JUCE_MODULE_AVAILABLE_juce_graphics=1",
					"JUCE_MODULE_AVAILABLE_juce_gui_basics=1",
					"JUCE_MODULE_AVAILABLE_juce_gui_extra=1",
					"JUCE_GLOBAL_MODULE_SETTINGS_INCLUDED=1",
					"JUCE_VST3_CAN_REPLACE_VST2=0",
					"JUCE_STRICT_REFCOUNTEDPOINTER=1",
					"JucePlugin_Build_VST=0",
					"JucePlugin_Build_VST3=0",
					"JucePlugin_Build_AU=0",
					"JucePlugin_Build_AUv3=0",
					"JucePlugin_Build_AAX=0",
					"JucePlugin_Build_Standalone=1",
					"JucePlugin_Build_Unity=0",
					"JucePlugin_Build_LV2=0",
					"JucePlugin_Enable_IAA=0",
					"JucePlugin_Enable_ARA=0",
					"JucePlugin_Name=\\\"LoopMe_Plugin_V1\\\"",
					"JucePlugin_Desc=\\\"LoopMe_Plugin_V1\\\"",
					"JucePlugin_Manufacturer=\\\"yourcompany\\\"",
					"JucePlugin_ManufacturerWebsite=\\\"www.yourcompany.com\\\"",
					"JucePlugin_ManufacturerEmail=\\\"\\\"",
					"JucePlugin_ManufacturerCode=0x4d616e75",
					"JucePlugin_PluginCode=0x5731706e",
					"JucePlugin_IsSynth=1",
					"JucePlugin_WantsMidiInput=1",
					"JucePlugin_ProducesMidiOutput=0",
					"JucePlugin_IsMidiEffect=0",
					"JucePlugin_EditorRequiresKeyboardFocus=0",
					"JucePlugin_Version=1.0.0",
					"JucePlugin_VersionCode=0x10000",
					"JucePlugin_VersionString=\\\"1.0.0\\\"",
					"JucePlugin_VSTUniqueID=JucePlugin_PluginCode",
					"JucePlugin_VSTCategory=kPlugCategSynth",
					"JucePlugin_Vst3Category=\\\"Instrument|Synth\\\"",
					"JucePlugin_AUMainType=\\'aumu\\'",
					"JucePlugin_AUSubType=JucePlugin_PluginCode",
					"JucePlugin_AUExportPrefix=LoopMe_Plugin_V1AU",
					"JucePlugin_AUExportPrefixQuoted=\\\"LoopMe_Plugin_V1AU\\\"",
					"JucePlugin_AUManufacturerCode=JucePlugin_ManufacturerCode",
					"JucePlugin_CFBundleIdentifier=com.yourcompany.LoopMe_Plugin_V1",
					"JucePlugin_AAXIdentifier=com.yourcompany.LoopMe_Plugin_V1",
					"JucePlugin_AAXManufacturerCode=JucePlugin_ManufacturerCode",
					"JucePlugin_AAXProductId=JucePlugin_PluginCode",
					"JucePlugin_AAXCategory=2048",
					"JucePlugin_AAXDisableBypass=0",
					"JucePlugin_AAXDisableMultiMono=0",
					"JucePlugin_IAAType=0x61757269",
					"JucePlugin_IAASubType=JucePlugin_PluginCode",
					"JucePlugin_IAAName=\\\"yourcompany:\\ LoopMe_Plugin_V1\\\"",
					"JucePlugin_VSTNumMidiInputs=16",
					"JucePlugin_VSTNumMidiOutputs=16",
					"JucePlugin_ARAContentTypes=0",
					"JucePlugin_ARATransformationFlags=0",
					"JucePlugin_ARAFactoryID=\\\"com.yourcompany.LoopMe_Plugin_V1.factory\\\"",
					"JucePlugin_ARADocumentArchiveID=\\\"com.yourcompany.LoopMe_Plugin_V1.aradocumentarchive.1.0.0\\\"",
					"JucePlugin_ARACompatibleArchiveIDs=\\\"\\\"",
					"JUCE_STANDALONE_APPLICATION=JucePlugin_Build_Standalone",
					"JUCER_XCODE_MAC_F6D2F4CF=1",
					"JUCE_APP_VERSION=1.0.0",
					"JUCE_APP_VERSION_HEX=0x10000",
				);
				GCC_VERSION = com.apple.compilers.llvm.clang.1_0;
				HEADER_SEARCH_PATHS = (
					"$(HOME)/Dev/JUCE/JUCE/modules/juce_audio_processors/format_types/VST3_SDK",
					"$(SRCROOT)/../../JuceLibraryCode",
					"$(HOME)/Dev/JUCE/JUCE/modules",
					"$(HOME)/Dev/JUCE/JUCE/modules/juce_audio_plugin_client/AU",
					"$(inherited)",
				);
				INFOPLIST_FILE = Info-Standalone_Plugin.plist;
				INFOPLIST_PREPROCESS = NO;
				MACOSX_DEPLOYMENT_TARGET = 10.13;
				MTL_HEADER_SEARCH_PATHS = "$(HOME)/Dev/JUCE/JUCE/modules/juce_audio_processors/format_types/VST3_SDK $(SRCROOT)/../../JuceLibraryCode $(HOME)/Dev/JUCE/JUCE/modules $(HOME)/Dev/JUCE/JUCE/modules/juce_audio_plugin_client/AU";
				OTHER_LDFLAGS = "-lLoopMe_Plugin_V1 -weak_framework Metal -weak_framework MetalKit";
				PRODUCT_BUNDLE_IDENTIFIER = com.yourcompany.LoopMe_Plugin_V1;
				PRODUCT_NAME = "LoopMe_Plugin_V1";
				USE_HEADERMAP = NO;
				VALID_ARCHS = "i386 x86_64 arm64 arm64e";
			};
			name = Debug;
		};
		A6D26F64C6EA1A7A592C3F41 /* Debug */ = {
			isa = XCBuildConfiguration;
			buildSettings = {
				CLANG_CXX_LANGUAGE_STANDARD = "c++17";
				CLANG_CXX_LIBRARY = "libc++";
				CLANG_LINK_OBJC_RUNTIME = NO;
				COMBINE_HIDPI_IMAGES = YES;
				CONFIGURATION_BUILD_DIR = "$(PROJECT_DIR)/build/$(CONFIGURATION)";
				COPY_PHASE_STRIP = NO;
				DEPLOYMENT_LOCATION = YES;
				DSTROOT = /;
				EXCLUDED_ARCHS = "";
				GCC_DYNAMIC_NO_PIC = NO;
				GCC_OPTIMIZATION_LEVEL = 0;
				GCC_PREPROCESSOR_DEFINITIONS = (
					"_DEBUG=1",
					"DEBUG=1",
					"JUCE_DISPLAY_SPLASH_SCREEN=1",
					"JUCE_USE_DARK_SPLASH_SCREEN=1",
					"JUCE_PROJUCER_VERSION=0x70005",
					"JUCE_MODULE_AVAILABLE_juce_audio_basics=1",
					"JUCE_MODULE_AVAILABLE_juce_audio_devices=1",
					"JUCE_MODULE_AVAILABLE_juce_audio_formats=1",
					"JUCE_MODULE_AVAILABLE_juce_audio_plugin_client=1",
					"JUCE_MODULE_AVAILABLE_juce_audio_processors=1",
					"JUCE_MODULE_AVAILABLE_juce_audio_utils=1",
					"JUCE_MODULE_AVAILABLE_juce_core=1",
					"JUCE_MODULE_AVAILABLE_juce_data_structures=1",
					"JUCE_MODULE_AVAILABLE_juce_events=1",
					"JUCE_MODULE_AVAILABLE_juce_graphics=1",
					"JUCE_MODULE_AVAILABLE_juce_gui_basics=1",
					"JUCE_MODULE_AVAILABLE_juce_gui_extra=1",
					"JUCE_GLOBAL_MODULE_SETTINGS_INCLUDED=1",
					"JUCE_VST3_CAN_REPLACE_VST2=0",
					"JUCE_STRICT_REFCOUNTEDPOINTER=1",
					"JucePlugin_Build_VST=0",
					"JucePlugin_Build_VST3=1",
					"JucePlugin_Build_AU=0",
					"JucePlugin_Build_AUv3=0",
					"JucePlugin_Build_AAX=0",
					"JucePlugin_Build_Standalone=0",
					"JucePlugin_Build_Unity=0",
					"JucePlugin_Build_LV2=0",
					"JucePlugin_Enable_IAA=0",
					"JucePlugin_Enable_ARA=0",
					"JucePlugin_Name=\\\"LoopMe_Plugin_V1\\\"",
					"JucePlugin_Desc=\\\"LoopMe_Plugin_V1\\\"",
					"JucePlugin_Manufacturer=\\\"yourcompany\\\"",
					"JucePlugin_ManufacturerWebsite=\\\"www.yourcompany.com\\\"",
					"JucePlugin_ManufacturerEmail=\\\"\\\"",
					"JucePlugin_ManufacturerCode=0x4d616e75",
					"JucePlugin_PluginCode=0x5731706e",
					"JucePlugin_IsSynth=1",
					"JucePlugin_WantsMidiInput=1",
					"JucePlugin_ProducesMidiOutput=0",
					"JucePlugin_IsMidiEffect=0",
					"JucePlugin_EditorRequiresKeyboardFocus=0",
					"JucePlugin_Version=1.0.0",
					"JucePlugin_VersionCode=0x10000",
					"JucePlugin_VersionString=\\\"1.0.0\\\"",
					"JucePlugin_VSTUniqueID=JucePlugin_PluginCode",
					"JucePlugin_VSTCategory=kPlugCategSynth",
					"JucePlugin_Vst3Category=\\\"Instrument|Synth\\\"",
					"JucePlugin_AUMainType=\\'aumu\\'",
					"JucePlugin_AUSubType=JucePlugin_PluginCode",
					"JucePlugin_AUExportPrefix=LoopMe_Plugin_V1AU",
					"JucePlugin_AUExportPrefixQuoted=\\\"LoopMe_Plugin_V1AU\\\"",
					"JucePlugin_AUManufacturerCode=JucePlugin_ManufacturerCode",
					"JucePlugin_CFBundleIdentifier=com.yourcompany.LoopMe_Plugin_V1",
					"JucePlugin_AAXIdentifier=com.yourcompany.LoopMe_Plugin_V1",
					"JucePlugin_AAXManufacturerCode=JucePlugin_ManufacturerCode",
					"JucePlugin_AAXProductId=JucePlugin_PluginCode",
					"JucePlugin_AAXCategory=2048",
					"JucePlugin_AAXDisableBypass=0",
					"JucePlugin_AAXDisableMultiMono=0",
					"JucePlugin_IAAType=0x61757269",
					"JucePlugin_IAASubType=JucePlugin_PluginCode",
					"JucePlugin_IAAName=\\\"yourcompany:\\ LoopMe_Plugin_V1\\\"",
					"JucePlugin_VSTNumMidiInputs=16",
					"JucePlugin_VSTNumMidiOutputs=16",
					"JucePlugin_ARAContentTypes=0",
					"JucePlugin_ARATransformationFlags=0",
					"JucePlugin_ARAFactoryID=\\\"com.yourcompany.LoopMe_Plugin_V1.factory\\\"",
					"JucePlugin_ARADocumentArchiveID=\\\"com.yourcompany.LoopMe_Plugin_V1.aradocumentarchive.1.0.0\\\"",
					"JucePlugin_ARACompatibleArchiveIDs=\\\"\\\"",
					"JUCE_STANDALONE_APPLICATION=JucePlugin_Build_Standalone",
					"JUCER_XCODE_MAC_F6D2F4CF=1",
					"JUCE_APP_VERSION=1.0.0",
					"JUCE_APP_VERSION_HEX=0x10000",
				);
				GCC_VERSION = com.apple.compilers.llvm.clang.1_0;
				GENERATE_PKGINFO_FILE = YES;
				HEADER_SEARCH_PATHS = (
					"$(HOME)/Dev/JUCE/JUCE/modules/juce_audio_processors/format_types/VST3_SDK",
					"$(SRCROOT)/../../JuceLibraryCode",
					"$(HOME)/Dev/JUCE/JUCE/modules",
					"$(HOME)/Dev/JUCE/JUCE/modules/juce_audio_plugin_client/AU",
					"$(inherited)",
				);
				INFOPLIST_FILE = Info-VST3.plist;
				INFOPLIST_PREPROCESS = NO;
				INSTALL_PATH = "$(HOME)/Library/Audio/Plug-Ins/VST3/";
				LIBRARY_STYLE = Bundle;
				MACOSX_DEPLOYMENT_TARGET = 10.13;
				MTL_HEADER_SEARCH_PATHS = "$(HOME)/Dev/JUCE/JUCE/modules/juce_audio_processors/format_types/VST3_SDK $(SRCROOT)/../../JuceLibraryCode $(HOME)/Dev/JUCE/JUCE/modules $(HOME)/Dev/JUCE/JUCE/modules/juce_audio_plugin_client/AU";
				OTHER_LDFLAGS = "-bundle -lLoopMe_Plugin_V1 -weak_framework Metal -weak_framework MetalKit";
				PRODUCT_BUNDLE_IDENTIFIER = com.yourcompany.LoopMe_Plugin_V1;
				PRODUCT_NAME = "LoopMe_Plugin_V1";
				USE_HEADERMAP = NO;
				VALID_ARCHS = "i386 x86_64 arm64 arm64e";
				WRAPPER_EXTENSION = vst3;
			};
			name = Debug;
		};
		A9B2FF4A4DCB6823A818EA53 /* Release */ = {
			isa = XCBuildConfiguration;
			buildSettings = {
				CLANG_CXX_LANGUAGE_STANDARD = "c++17";
				CLANG_CXX_LIBRARY = "libc++";
				CLANG_LINK_OBJC_RUNTIME = NO;
				COMBINE_HIDPI_IMAGES = YES;
				CONFIGURATION_BUILD_DIR = "$(PROJECT_DIR)/build/$(CONFIGURATION)";
				DEAD_CODE_STRIPPING = YES;
				DEPLOYMENT_LOCATION = YES;
				DSTROOT = /;
				EXCLUDED_ARCHS = "";
				GCC_GENERATE_DEBUGGING_SYMBOLS = NO;
				GCC_OPTIMIZATION_LEVEL = 3;
				GCC_PREPROCESSOR_DEFINITIONS = (
					"_NDEBUG=1",
					"NDEBUG=1",
					"JUCE_DISPLAY_SPLASH_SCREEN=1",
					"JUCE_USE_DARK_SPLASH_SCREEN=1",
					"JUCE_PROJUCER_VERSION=0x70005",
					"JUCE_MODULE_AVAILABLE_juce_audio_basics=1",
					"JUCE_MODULE_AVAILABLE_juce_audio_devices=1",
					"JUCE_MODULE_AVAILABLE_juce_audio_formats=1",
					"JUCE_MODULE_AVAILABLE_juce_audio_plugin_client=1",
					"JUCE_MODULE_AVAILABLE_juce_audio_processors=1",
					"JUCE_MODULE_AVAILABLE_juce_audio_utils=1",
					"JUCE_MODULE_AVAILABLE_juce_core=1",
					"JUCE_MODULE_AVAILABLE_juce_data_structures=1",
					"JUCE_MODULE_AVAILABLE_juce_events=1",
					"JUCE_MODULE_AVAILABLE_juce_graphics=1",
					"JUCE_MODULE_AVAILABLE_juce_gui_basics=1",
					"JUCE_MODULE_AVAILABLE_juce_gui_extra=1",
					"JUCE_GLOBAL_MODULE_SETTINGS_INCLUDED=1",
					"JUCE_VST3_CAN_REPLACE_VST2=0",
					"JUCE_STRICT_REFCOUNTEDPOINTER=1",
					"JucePlugin_Build_VST=0",
					"JucePlugin_Build_VST3=1",
					"JucePlugin_Build_AU=0",
					"JucePlugin_Build_AUv3=0",
					"JucePlugin_Build_AAX=0",
					"JucePlugin_Build_Standalone=0",
					"JucePlugin_Build_Unity=0",
					"JucePlugin_Build_LV2=0",
					"JucePlugin_Enable_IAA=0",
					"JucePlugin_Enable_ARA=0",
					"JucePlugin_Name=\\\"LoopMe_Plugin_V1\\\"",
					"JucePlugin_Desc=\\\"LoopMe_Plugin_V1\\\"",
					"JucePlugin_Manufacturer=\\\"yourcompany\\\"",
					"JucePlugin_ManufacturerWebsite=\\\"www.yourcompany.com\\\"",
					"JucePlugin_ManufacturerEmail=\\\"\\\"",
					"JucePlugin_ManufacturerCode=0x4d616e75",
					"JucePlugin_PluginCode=0x5731706e",
					"JucePlugin_IsSynth=1",
					"JucePlugin_WantsMidiInput=1",
					"JucePlugin_ProducesMidiOutput=0",
					"JucePlugin_IsMidiEffect=0",
					"JucePlugin_EditorRequiresKeyboardFocus=0",
					"JucePlugin_Version=1.0.0",
					"JucePlugin_VersionCode=0x10000",
					"JucePlugin_VersionString=\\\"1.0.0\\\"",
					"JucePlugin_VSTUniqueID=JucePlugin_PluginCode",
					"JucePlugin_VSTCategory=kPlugCategSynth",
					"JucePlugin_Vst3Category=\\\"Instrument|Synth\\\"",
					"JucePlugin_AUMainType=\\'aumu\\'",
					"JucePlugin_AUSubType=JucePlugin_PluginCode",
					"JucePlugin_AUExportPrefix=LoopMe_Plugin_V1AU",
					"JucePlugin_AUExportPrefixQuoted=\\\"LoopMe_Plugin_V1AU\\\"",
					"JucePlugin_AUManufacturerCode=JucePlugin_ManufacturerCode",
					"JucePlugin_CFBundleIdentifier=com.yourcompany.LoopMe_Plugin_V1",
					"JucePlugin_AAXIdentifier=com.yourcompany.LoopMe_Plugin_V1",
					"JucePlugin_AAXManufacturerCode=JucePlugin_ManufacturerCode",
					"JucePlugin_AAXProductId=JucePlugin_PluginCode",
					"JucePlugin_AAXCategory=2048",
					"JucePlugin_AAXDisableBypass=0",
					"JucePlugin_AAXDisableMultiMono=0",
					"JucePlugin_IAAType=0x61757269",
					"JucePlugin_IAASubType=JucePlugin_PluginCode",
					"JucePlugin_IAAName=\\\"yourcompany:\\ LoopMe_Plugin_V1\\\"",
					"JucePlugin_VSTNumMidiInputs=16",
					"JucePlugin_VSTNumMidiOutputs=16",
					"JucePlugin_ARAContentTypes=0",
					"JucePlugin_ARATransformationFlags=0",
					"JucePlugin_ARAFactoryID=\\\"com.yourcompany.LoopMe_Plugin_V1.factory\\\"",
					"JucePlugin_ARADocumentArchiveID=\\\"com.yourcompany.LoopMe_Plugin_V1.aradocumentarchive.1.0.0\\\"",
					"JucePlugin_ARACompatibleArchiveIDs=\\\"\\\"",
					"JUCE_STANDALONE_APPLICATION=JucePlugin_Build_Standalone",
					"JUCER_XCODE_MAC_F6D2F4CF=1",
					"JUCE_APP_VERSION=1.0.0",
					"JUCE_APP_VERSION_HEX=0x10000",
				);
				GCC_VERSION = com.apple.compilers.llvm.clang.1_0;
				GENERATE_PKGINFO_FILE = YES;
				HEADER_SEARCH_PATHS = (
					"$(HOME)/Dev/JUCE/JUCE/modules/juce_audio_processors/format_types/VST3_SDK",
					"$(SRCROOT)/../../JuceLibraryCode",
					"$(HOME)/Dev/JUCE/JUCE/modules",
					"$(HOME)/Dev/JUCE/JUCE/modules/juce_audio_plugin_client/AU",
					"$(inherited)",
				);
				INFOPLIST_FILE = Info-VST3.plist;
				INFOPLIST_PREPROCESS = NO;
				INSTALL_PATH = "$(HOME)/Library/Audio/Plug-Ins/VST3/";
				LIBRARY_STYLE = Bundle;
				LLVM_LTO = YES;
				MACOSX_DEPLOYMENT_TARGET = 10.13;
				MTL_HEADER_SEARCH_PATHS = "$(HOME)/Dev/JUCE/JUCE/modules/juce_audio_processors/format_types/VST3_SDK $(SRCROOT)/../../JuceLibraryCode $(HOME)/Dev/JUCE/JUCE/modules $(HOME)/Dev/JUCE/JUCE/modules/juce_audio_plugin_client/AU";
				OTHER_LDFLAGS = "-bundle -lLoopMe_Plugin_V1 -weak_framework Metal -weak_framework MetalKit";
				PRODUCT_BUNDLE_IDENTIFIER = com.yourcompany.LoopMe_Plugin_V1;
				PRODUCT_NAME = "LoopMe_Plugin_V1";
				USE_HEADERMAP = NO;
				VALID_ARCHS = "i386 x86_64 arm64 arm64e";
				WRAPPER_EXTENSION = vst3;
			};
			name = Release;
		};
		E6342AA28019878305C42D50 /* Debug */ = {
			isa = XCBuildConfiguration;
			buildSettings = {
				CLANG_CXX_LANGUAGE_STANDARD = "c++17";
				CLANG_CXX_LIBRARY = "libc++";
				CLANG_LINK_OBJC_RUNTIME = NO;
				COMBINE_HIDPI_IMAGES = YES;
				CONFIGURATION_BUILD_DIR = "$(PROJECT_DIR)/build/$(CONFIGURATION)";
				COPY_PHASE_STRIP = NO;
				DEPLOYMENT_LOCATION = YES;
				DSTROOT = /;
				EXCLUDED_ARCHS = "";
				GCC_DYNAMIC_NO_PIC = NO;
				GCC_OPTIMIZATION_LEVEL = 0;
				GCC_PREPROCESSOR_DEFINITIONS = (
					"_DEBUG=1",
					"DEBUG=1",
					"JUCE_DISPLAY_SPLASH_SCREEN=1",
					"JUCE_USE_DARK_SPLASH_SCREEN=1",
					"JUCE_PROJUCER_VERSION=0x70005",
					"JUCE_MODULE_AVAILABLE_juce_audio_basics=1",
					"JUCE_MODULE_AVAILABLE_juce_audio_devices=1",
					"JUCE_MODULE_AVAILABLE_juce_audio_formats=1",
					"JUCE_MODULE_AVAILABLE_juce_audio_plugin_client=1",
					"JUCE_MODULE_AVAILABLE_juce_audio_processors=1",
					"JUCE_MODULE_AVAILABLE_juce_audio_utils=1",
					"JUCE_MODULE_AVAILABLE_juce_core=1",
					"JUCE_MODULE_AVAILABLE_juce_data_structures=1",
					"JUCE_MODULE_AVAILABLE_juce_events=1",
					"JUCE_MODULE_AVAILABLE_juce_graphics=1",
					"JUCE_MODULE_AVAILABLE_juce_gui_basics=1",
					"JUCE_MODULE_AVAILABLE_juce_gui_extra=1",
					"JUCE_GLOBAL_MODULE_SETTINGS_INCLUDED=1",
					"JUCE_VST3_CAN_REPLACE_VST2=0",
					"JUCE_STRICT_REFCOUNTEDPOINTER=1",
					"JucePlugin_Build_VST=0",
					"JucePlugin_Build_VST3=0",
					"JucePlugin_Build_AU=1",
					"JucePlugin_Build_AUv3=0",
					"JucePlugin_Build_AAX=0",
					"JucePlugin_Build_Standalone=0",
					"JucePlugin_Build_Unity=0",
					"JucePlugin_Build_LV2=0",
					"JucePlugin_Enable_IAA=0",
					"JucePlugin_Enable_ARA=0",
					"JucePlugin_Name=\\\"LoopMe_Plugin_V1\\\"",
					"JucePlugin_Desc=\\\"LoopMe_Plugin_V1\\\"",
					"JucePlugin_Manufacturer=\\\"yourcompany\\\"",
					"JucePlugin_ManufacturerWebsite=\\\"www.yourcompany.com\\\"",
					"JucePlugin_ManufacturerEmail=\\\"\\\"",
					"JucePlugin_ManufacturerCode=0x4d616e75",
					"JucePlugin_PluginCode=0x5731706e",
					"JucePlugin_IsSynth=1",
					"JucePlugin_WantsMidiInput=1",
					"JucePlugin_ProducesMidiOutput=0",
					"JucePlugin_IsMidiEffect=0",
					"JucePlugin_EditorRequiresKeyboardFocus=0",
					"JucePlugin_Version=1.0.0",
					"JucePlugin_VersionCode=0x10000",
					"JucePlugin_VersionString=\\\"1.0.0\\\"",
					"JucePlugin_VSTUniqueID=JucePlugin_PluginCode",
					"JucePlugin_VSTCategory=kPlugCategSynth",
					"JucePlugin_Vst3Category=\\\"Instrument|Synth\\\"",
					"JucePlugin_AUMainType=\\'aumu\\'",
					"JucePlugin_AUSubType=JucePlugin_PluginCode",
					"JucePlugin_AUExportPrefix=LoopMe_Plugin_V1AU",
					"JucePlugin_AUExportPrefixQuoted=\\\"LoopMe_Plugin_V1AU\\\"",
					"JucePlugin_AUManufacturerCode=JucePlugin_ManufacturerCode",
					"JucePlugin_CFBundleIdentifier=com.yourcompany.LoopMe_Plugin_V1",
					"JucePlugin_AAXIdentifier=com.yourcompany.LoopMe_Plugin_V1",
					"JucePlugin_AAXManufacturerCode=JucePlugin_ManufacturerCode",
					"JucePlugin_AAXProductId=JucePlugin_PluginCode",
					"JucePlugin_AAXCategory=2048",
					"JucePlugin_AAXDisableBypass=0",
					"JucePlugin_AAXDisableMultiMono=0",
					"JucePlugin_IAAType=0x61757269",
					"JucePlugin_IAASubType=JucePlugin_PluginCode",
					"JucePlugin_IAAName=\\\"yourcompany:\\ LoopMe_Plugin_V1\\\"",
					"JucePlugin_VSTNumMidiInputs=16",
					"JucePlugin_VSTNumMidiOutputs=16",
					"JucePlugin_ARAContentTypes=0",
					"JucePlugin_ARATransformationFlags=0",
					"JucePlugin_ARAFactoryID=\\\"com.yourcompany.LoopMe_Plugin_V1.factory\\\"",
					"JucePlugin_ARADocumentArchiveID=\\\"com.yourcompany.LoopMe_Plugin_V1.aradocumentarchive.1.0.0\\\"",
					"JucePlugin_ARACompatibleArchiveIDs=\\\"\\\"",
					"JUCE_STANDALONE_APPLICATION=JucePlugin_Build_Standalone",
					"JUCER_XCODE_MAC_F6D2F4CF=1",
					"JUCE_APP_VERSION=1.0.0",
					"JUCE_APP_VERSION_HEX=0x10000",
				);
				GCC_VERSION = com.apple.compilers.llvm.clang.1_0;
				GENERATE_PKGINFO_FILE = YES;
				HEADER_SEARCH_PATHS = (
					"$(HOME)/Dev/JUCE/JUCE/modules/juce_audio_processors/format_types/VST3_SDK",
					"$(SRCROOT)/../../JuceLibraryCode",
					"$(HOME)/Dev/JUCE/JUCE/modules",
					"$(HOME)/Dev/JUCE/JUCE/modules/juce_audio_plugin_client/AU",
					"$(inherited)",
				);
				INFOPLIST_FILE = Info-AU.plist;
				INFOPLIST_PREPROCESS = NO;
				INSTALL_PATH = "$(HOME)/Library/Audio/Plug-Ins/Components/";
				LIBRARY_STYLE = Bundle;
				MACOSX_DEPLOYMENT_TARGET = 10.13;
				MTL_HEADER_SEARCH_PATHS = "$(HOME)/Dev/JUCE/JUCE/modules/juce_audio_processors/format_types/VST3_SDK $(SRCROOT)/../../JuceLibraryCode $(HOME)/Dev/JUCE/JUCE/modules $(HOME)/Dev/JUCE/JUCE/modules/juce_audio_plugin_client/AU";
				OTHER_LDFLAGS = "-bundle -lLoopMe_Plugin_V1 -weak_framework Metal -weak_framework MetalKit";
				OTHER_REZFLAGS = "-d ppc_$ppc -d i386_$i386 -d ppc64_$ppc64 -d x86_64_$x86_64 -d arm64_$arm64 -I /System/Library/Frameworks/CoreServices.framework/Frameworks/CarbonCore.framework/Versions/A/Headers -I \"$(DEVELOPER_DIR)/Extras/CoreAudio/AudioUnits/AUPublic/AUBase\" -I \"$(DEVELOPER_DIR)/Platforms/MacOSX.platform/Developer/SDKs/MacOSX.sdk/System/Library/Frameworks/AudioUnit.framework/Headers\"";
				PRODUCT_BUNDLE_IDENTIFIER = com.yourcompany.LoopMe_Plugin_V1;
				PRODUCT_NAME = "LoopMe_Plugin_V1";
				USE_HEADERMAP = NO;
				VALID_ARCHS = "i386 x86_64 arm64 arm64e";
				WRAPPER_EXTENSION = component;
			};
			name = Debug;
		};
		E63FD25C89BC443F8555BEBD /* Release */ = {
			isa = XCBuildConfiguration;
			buildSettings = {
				CLANG_CXX_LANGUAGE_STANDARD = "c++17";
				CLANG_CXX_LIBRARY = "libc++";
				CLANG_LINK_OBJC_RUNTIME = NO;
				COMBINE_HIDPI_IMAGES = YES;
				CONFIGURATION_BUILD_DIR = "$(PROJECT_DIR)/build/$(CONFIGURATION)";
				DEAD_CODE_STRIPPING = YES;
				DEPLOYMENT_LOCATION = YES;
				DSTROOT = /;
				EXCLUDED_ARCHS = "";
				GCC_GENERATE_DEBUGGING_SYMBOLS = NO;
				GCC_OPTIMIZATION_LEVEL = 3;
				GCC_PREPROCESSOR_DEFINITIONS = (
					"_NDEBUG=1",
					"NDEBUG=1",
					"JUCE_DISPLAY_SPLASH_SCREEN=1",
					"JUCE_USE_DARK_SPLASH_SCREEN=1",
					"JUCE_PROJUCER_VERSION=0x70005",
					"JUCE_MODULE_AVAILABLE_juce_audio_basics=1",
					"JUCE_MODULE_AVAILABLE_juce_audio_devices=1",
					"JUCE_MODULE_AVAILABLE_juce_audio_formats=1",
					"JUCE_MODULE_AVAILABLE_juce_audio_plugin_client=1",
					"JUCE_MODULE_AVAILABLE_juce_audio_processors=1",
					"JUCE_MODULE_AVAILABLE_juce_audio_utils=1",
					"JUCE_MODULE_AVAILABLE_juce_core=1",
					"JUCE_MODULE_AVAILABLE_juce_data_structures=1",
					"JUCE_MODULE_AVAILABLE_juce_events=1",
					"JUCE_MODULE_AVAILABLE_juce_graphics=1",
					"JUCE_MODULE_AVAILABLE_juce_gui_basics=1",
					"JUCE_MODULE_AVAILABLE_juce_gui_extra=1",
					"JUCE_GLOBAL_MODULE_SETTINGS_INCLUDED=1",
					"JUCE_VST3_CAN_REPLACE_VST2=0",
					"JUCE_STRICT_REFCOUNTEDPOINTER=1",
					"JucePlugin_Build_VST=0",
					"JucePlugin_Build_VST3=0",
					"JucePlugin_Build_AU=1",
					"JucePlugin_Build_AUv3=0",
					"JucePlugin_Build_AAX=0",
					"JucePlugin_Build_Standalone=0",
					"JucePlugin_Build_Unity=0",
					"JucePlugin_Build_LV2=0",
					"JucePlugin_Enable_IAA=0",
					"JucePlugin_Enable_ARA=0",
					"JucePlugin_Name=\\\"LoopMe_Plugin_V1\\\"",
					"JucePlugin_Desc=\\\"LoopMe_Plugin_V1\\\"",
					"JucePlugin_Manufacturer=\\\"yourcompany\\\"",
					"JucePlugin_ManufacturerWebsite=\\\"www.yourcompany.com\\\"",
					"JucePlugin_ManufacturerEmail=\\\"\\\"",
					"JucePlugin_ManufacturerCode=0x4d616e75",
					"JucePlugin_PluginCode=0x5731706e",
					"JucePlugin_IsSynth=1",
					"JucePlugin_WantsMidiInput=1",
					"JucePlugin_ProducesMidiOutput=0",
					"JucePlugin_IsMidiEffect=0",
					"JucePlugin_EditorRequiresKeyboardFocus=0",
					"JucePlugin_Version=1.0.0",
					"JucePlugin_VersionCode=0x10000",
					"JucePlugin_VersionString=\\\"1.0.0\\\"",
					"JucePlugin_VSTUniqueID=JucePlugin_PluginCode",
					"JucePlugin_VSTCategory=kPlugCategSynth",
					"JucePlugin_Vst3Category=\\\"Instrument|Synth\\\"",
					"JucePlugin_AUMainType=\\'aumu\\'",
					"JucePlugin_AUSubType=JucePlugin_PluginCode",
					"JucePlugin_AUExportPrefix=LoopMe_Plugin_V1AU",
					"JucePlugin_AUExportPrefixQuoted=\\\"LoopMe_Plugin_V1AU\\\"",
					"JucePlugin_AUManufacturerCode=JucePlugin_ManufacturerCode",
					"JucePlugin_CFBundleIdentifier=com.yourcompany.LoopMe_Plugin_V1",
					"JucePlugin_AAXIdentifier=com.yourcompany.LoopMe_Plugin_V1",
					"JucePlugin_AAXManufacturerCode=JucePlugin_ManufacturerCode",
					"JucePlugin_AAXProductId=JucePlugin_PluginCode",
					"JucePlugin_AAXCategory=2048",
					"JucePlugin_AAXDisableBypass=0",
					"JucePlugin_AAXDisableMultiMono=0",
					"JucePlugin_IAAType=0x61757269",
					"JucePlugin_IAASubType=JucePlugin_PluginCode",
					"JucePlugin_IAAName=\\\"yourcompany:\\ LoopMe_Plugin_V1\\\"",
					"JucePlugin_VSTNumMidiInputs=16",
					"JucePlugin_VSTNumMidiOutputs=16",
					"JucePlugin_ARAContentTypes=0",
					"JucePlugin_ARATransformationFlags=0",
					"JucePlugin_ARAFactoryID=\\\"com.yourcompany.LoopMe_Plugin_V1.factory\\\"",
					"JucePlugin_ARADocumentArchiveID=\\\"com.yourcompany.LoopMe_Plugin_V1.aradocumentarchive.1.0.0\\\"",
					"JucePlugin_ARACompatibleArchiveIDs=\\\"\\\"",
					"JUCE_STANDALONE_APPLICATION=JucePlugin_Build_Standalone",
					"JUCER_XCODE_MAC_F6D2F4CF=1",
					"JUCE_APP_VERSION=1.0.0",
					"JUCE_APP_VERSION_HEX=0x10000",
				);
				GCC_VERSION = com.apple.compilers.llvm.clang.1_0;
				GENERATE_PKGINFO_FILE = YES;
				HEADER_SEARCH_PATHS = (
					"$(HOME)/Dev/JUCE/JUCE/modules/juce_audio_processors/format_types/VST3_SDK",
					"$(SRCROOT)/../../JuceLibraryCode",
					"$(HOME)/Dev/JUCE/JUCE/modules",
					"$(HOME)/Dev/JUCE/JUCE/modules/juce_audio_plugin_client/AU",
					"$(inherited)",
				);
				INFOPLIST_FILE = Info-AU.plist;
				INFOPLIST_PREPROCESS = NO;
				INSTALL_PATH = "$(HOME)/Library/Audio/Plug-Ins/Components/";
				LIBRARY_STYLE = Bundle;
				LLVM_LTO = YES;
				MACOSX_DEPLOYMENT_TARGET = 10.13;
				MTL_HEADER_SEARCH_PATHS = "$(HOME)/Dev/JUCE/JUCE/modules/juce_audio_processors/format_types/VST3_SDK $(SRCROOT)/../../JuceLibraryCode $(HOME)/Dev/JUCE/JUCE/modules $(HOME)/Dev/JUCE/JUCE/modules/juce_audio_plugin_client/AU";
				OTHER_LDFLAGS = "-bundle -lLoopMe_Plugin_V1 -weak_framework Metal -weak_framework MetalKit";
				OTHER_REZFLAGS = "-d ppc_$ppc -d i386_$i386 -d ppc64_$ppc64 -d x86_64_$x86_64 -d arm64_$arm64 -I /System/Library/Frameworks/CoreServices.framework/Frameworks/CarbonCore.framework/Versions/A/Headers -I \"$(DEVELOPER_DIR)/Extras/CoreAudio/AudioUnits/AUPublic/AUBase\" -I \"$(DEVELOPER_DIR)/Platforms/MacOSX.platform/Developer/SDKs/MacOSX.sdk/System/Library/Frameworks/AudioUnit.framework/Headers\"";
				PRODUCT_BUNDLE_IDENTIFIER = com.yourcompany.LoopMe_Plugin_V1;
				PRODUCT_NAME = "LoopMe_Plugin_V1";
				USE_HEADERMAP = NO;
				VALID_ARCHS = "i386 x86_64 arm64 arm64e";
				WRAPPER_EXTENSION = component;
			};
			name = Release;
		};
/* End XCBuildConfiguration section */

/* Begin XCConfigurationList section */
		2157B1E5FA87CAFA92190F57 = {
			isa = XCConfigurationList;
			buildConfigurations = (
				0951EAD052EF42E2A3764585,
				74B348B7CB1DB2E466CEAFB3,
			);
			defaultConfigurationIsVisible = 0;
			defaultConfigurationName = Debug;
		};
		5099ED973738C1D96182B30B = {
			isa = XCConfigurationList;
			buildConfigurations = (
				4EE2E18F4618A9FEC39F25EC,
				7C71CD53EA0F7BCA50CE0AC0,
			);
			defaultConfigurationIsVisible = 0;
			defaultConfigurationName = Debug;
		};
		574A9BAECD760E210AE87EC1 = {
			isa = XCConfigurationList;
			buildConfigurations = (
				A6D26F64C6EA1A7A592C3F41,
				A9B2FF4A4DCB6823A818EA53,
			);
			defaultConfigurationIsVisible = 0;
			defaultConfigurationName = Debug;
		};
		5DDE5D9A8D4B54EB2BFD71AC = {
			isa = XCConfigurationList;
			buildConfigurations = (
				249F4BAA020159956A42D53F,
				5175E252AFEDE79B3D13E516,
			);
			defaultConfigurationIsVisible = 0;
			defaultConfigurationName = Debug;
		};
		E806E54A2805A8B794A991C5 = {
			isa = XCConfigurationList;
			buildConfigurations = (
				9EFB69FBB07BEAE650B14A27,
				9C2D630F928DECDD6E151AD4,
			);
			defaultConfigurationIsVisible = 0;
			defaultConfigurationName = Debug;
		};
		F1913EF2F622145006360696 = {
			isa = XCConfigurationList;
			buildConfigurations = (
				E6342AA28019878305C42D50,
				E63FD25C89BC443F8555BEBD,
			);
			defaultConfigurationIsVisible = 0;
			defaultConfigurationName = Debug;
		};
/* End XCConfigurationList section */
	};
	rootObject = 4E3101D9EF1B57308B8D71A5 /* Project object */;
}
